// !$*UTF8*$!
{
	archiveVersion = 1;
	classes = {
	};
	objectVersion = 56;
	objects = {

/* Begin PBXBuildFile section */
		1896226329F02C193A217171 /* CodetwelveUI.framework in Frameworks */ = {isa = PBXBuildFile; fileRef = F295CA8ED85DB00ED081A2D0 /* CodetwelveUI.framework */; };
		50066B0C2D966BBB00757359 /* CTDatePicker.swift in Sources */ = {isa = PBXBuildFile; fileRef = 50066AC42D966BBB00757359 /* CTDatePicker.swift */; };
		50066B0D2D966BBB00757359 /* CTScrollArea.swift in Sources */ = {isa = PBXBuildFile; fileRef = 50066AD32D966BBB00757359 /* CTScrollArea.swift */; };
		50066B0F2D966BBB00757359 /* Color+Hex.swift in Sources */ = {isa = PBXBuildFile; fileRef = 50066B052D966BBB00757359 /* Color+Hex.swift */; };
		50066B102D966BBB00757359 /* View+Accessibility.swift in Sources */ = {isa = PBXBuildFile; fileRef = 50066AE92D966BBB00757359 /* View+Accessibility.swift */; };
		50066B112D966BBB00757359 /* CTAlertDialog.swift in Sources */ = {isa = PBXBuildFile; fileRef = 50066ABE2D966BBB00757359 /* CTAlertDialog.swift */; };
		50066B122D966BBB00757359 /* CTToggle.swift in Sources */ = {isa = PBXBuildFile; fileRef = 50066ACB2D966BBB00757359 /* CTToggle.swift */; };
		50066B132D966BBB00757359 /* View+Typography.swift in Sources */ = {isa = PBXBuildFile; fileRef = 50066AEE2D966BBB00757359 /* View+Typography.swift */; };
		50066B142D966BBB00757359 /* CTDrawer.swift in Sources */ = {isa = PBXBuildFile; fileRef = 50066ADE2D966BBB00757359 /* CTDrawer.swift */; };
		50066B152D966BBB00757359 /* CTSecureField.swift in Sources */ = {isa = PBXBuildFile; fileRef = 50066AC62D966BBB00757359 /* CTSecureField.swift */; };
		50066B162D966BBB00757359 /* CTTag.swift in Sources */ = {isa = PBXBuildFile; fileRef = 50066ABA2D966BBB00757359 /* CTTag.swift */; };
		50066B172D966BBB00757359 /* CTContextMenu.swift in Sources */ = {isa = PBXBuildFile; fileRef = 50066AB42D966BBB00757359 /* CTContextMenu.swift */; };
		50066B182D966BBB00757359 /* CTCarousel.swift in Sources */ = {isa = PBXBuildFile; fileRef = 50066AD72D966BBB00757359 /* CTCarousel.swift */; };
		50066B192D966BBB00757359 /* CTLightTheme.swift in Sources */ = {isa = PBXBuildFile; fileRef = 50066AF82D966BBB00757359 /* CTLightTheme.swift */; };
		50066B1A2D966BBB00757359 /* CTPopover.swift in Sources */ = {isa = PBXBuildFile; fileRef = 50066AE22D966BBB00757359 /* CTPopover.swift */; };
		50066B1B2D966BBB00757359 /* CTIcon.swift in Sources */ = {isa = PBXBuildFile; fileRef = 50066AAE2D966BBB00757359 /* CTIcon.swift */; };
		50066B1C2D966BBB00757359 /* CTGrid.swift in Sources */ = {isa = PBXBuildFile; fileRef = 50066AD22D966BBB00757359 /* CTGrid.swift */; };
		50066B1D2D966BBB00757359 /* CTHoverCard.swift in Sources */ = {isa = PBXBuildFile; fileRef = 50066AB72D966BBB00757359 /* CTHoverCard.swift */; };
		50066B1E2D966BBB00757359 /* CTCard.swift in Sources */ = {isa = PBXBuildFile; fileRef = 50066AD02D966BBB00757359 /* CTCard.swift */; };
		50066B1F2D966BBB00757359 /* CTAccordion.swift in Sources */ = {isa = PBXBuildFile; fileRef = 50066ACE2D966BBB00757359 /* CTAccordion.swift */; };
		50066B202D966BBB00757359 /* CTBottomSheet.swift in Sources */ = {isa = PBXBuildFile; fileRef = 50066ADC2D966BBB00757359 /* CTBottomSheet.swift */; };
		50066B212D966BBB00757359 /* CTDataTable.swift in Sources */ = {isa = PBXBuildFile; fileRef = 50066AB52D966BBB00757359 /* CTDataTable.swift */; };
		50066B222D966BBB00757359 /* CTRadioGroup.swift in Sources */ = {isa = PBXBuildFile; fileRef = 50066AC52D966BBB00757359 /* CTRadioGroup.swift */; };
		50066B232D966BBB00757359 /* CTText.swift in Sources */ = {isa = PBXBuildFile; fileRef = 50066AAF2D966BBB00757359 /* CTText.swift */; };
		50066B242D966BBB00757359 /* CTSkeletonLoader.swift in Sources */ = {isa = PBXBuildFile; fileRef = 50066AC02D966BBB00757359 /* CTSkeletonLoader.swift */; };
		50066B252D966BBB00757359 /* CTToast.swift in Sources */ = {isa = PBXBuildFile; fileRef = 50066AC12D966BBB00757359 /* CTToast.swift */; };
		50066B262D966BBB00757359 /* CTTypography.swift in Sources */ = {isa = PBXBuildFile; fileRef = 50066B022D966BBB00757359 /* CTTypography.swift */; };
		50066B272D966BBB00757359 /* CTAnimationManager.swift in Sources */ = {isa = PBXBuildFile; fileRef = 50066B072D966BBB00757359 /* CTAnimationManager.swift */; };
		50066B282D966BBB00757359 /* CTLayoutUtilities.swift in Sources */ = {isa = PBXBuildFile; fileRef = 50066AE82D966BBB00757359 /* CTLayoutUtilities.swift */; };
		50066B292D966BBB00757359 /* CTProgress.swift in Sources */ = {isa = PBXBuildFile; fileRef = 50066ABF2D966BBB00757359 /* CTProgress.swift */; };
		50066B2A2D966BBB00757359 /* CodetwelveUI.swift in Sources */ = {isa = PBXBuildFile; fileRef = 50066B092D966BBB00757359 /* CodetwelveUI.swift */; };
		50066B2B2D966BBB00757359 /* CTNavigationMenu.swift in Sources */ = {isa = PBXBuildFile; fileRef = 50066AE02D966BBB00757359 /* CTNavigationMenu.swift */; };
		50066B2C2D966BBB00757359 /* CTSelect.swift in Sources */ = {isa = PBXBuildFile; fileRef = 50066AC72D966BBB00757359 /* CTSelect.swift */; };
		50066B2D2D966BBB00757359 /* CTPagination.swift in Sources */ = {isa = PBXBuildFile; fileRef = 50066AE12D966BBB00757359 /* CTPagination.swift */; };
		50066B2E2D966BBB00757359 /* CTSpacing.swift in Sources */ = {isa = PBXBuildFile; fileRef = 50066B012D966BBB00757359 /* CTSpacing.swift */; };
		50066B2F2D966BBB00757359 /* CTTabBar.swift in Sources */ = {isa = PBXBuildFile; fileRef = 50066AE32D966BBB00757359 /* CTTabBar.swift */; };
		50066B302D966BBB00757359 /* CTAccessibilityUtilities.swift in Sources */ = {isa = PBXBuildFile; fileRef = 50066B062D966BBB00757359 /* CTAccessibilityUtilities.swift */; };
		50066B312D966BBB00757359 /* CTTheme+Default.swift in Sources */ = {isa = PBXBuildFile; fileRef = 50066AFA2D966BBB00757359 /* CTTheme+Default.swift */; };
		50066B322D966BBB00757359 /* CTVideo.swift in Sources */ = {isa = PBXBuildFile; fileRef = 50066AD92D966BBB00757359 /* CTVideo.swift */; };
		50066B332D966BBB00757359 /* CTTextArea.swift in Sources */ = {isa = PBXBuildFile; fileRef = 50066AC92D966BBB00757359 /* CTTextArea.swift */; };
		50066B342D966BBB00757359 /* View+Animation.swift in Sources */ = {isa = PBXBuildFile; fileRef = 50066AEA2D966BBB00757359 /* View+Animation.swift */; };
		50066B352D966BBB00757359 /* CTDropdownMenu.swift in Sources */ = {isa = PBXBuildFile; fileRef = 50066AB62D966BBB00757359 /* CTDropdownMenu.swift */; };
		50066B362D966BBB00757359 /* CTDivider.swift in Sources */ = {isa = PBXBuildFile; fileRef = 50066AAD2D966BBB00757359 /* CTDivider.swift */; };
		50066B372D966BBB00757359 /* CTThemeBuilder.swift in Sources */ = {isa = PBXBuildFile; fileRef = 50066AFB2D966BBB00757359 /* CTThemeBuilder.swift */; };
		50066B382D966BBB00757359 /* CTContainer.swift in Sources */ = {isa = PBXBuildFile; fileRef = 50066AD12D966BBB00757359 /* CTContainer.swift */; };
		50066B392D966BBB00757359 /* CTList.swift in Sources */ = {isa = PBXBuildFile; fileRef = 50066AB82D966BBB00757359 /* CTList.swift */; };
		50066B3A2D966BBB00757359 /* CTColors.swift in Sources */ = {isa = PBXBuildFile; fileRef = 50066B002D966BBB00757359 /* CTColors.swift */; };
		50066B3B2D966BBB00757359 /* CTDarkTheme.swift in Sources */ = {isa = PBXBuildFile; fileRef = 50066AF62D966BBB00757359 /* CTDarkTheme.swift */; };
		50066B3C2D966BBB00757359 /* CTButton.swift in Sources */ = {isa = PBXBuildFile; fileRef = 50066AAC2D966BBB00757359 /* CTButton.swift */; };
		50066B3D2D966BBB00757359 /* CTThemeManager.swift in Sources */ = {isa = PBXBuildFile; fileRef = 50066AFC2D966BBB00757359 /* CTThemeManager.swift */; };
		50066B3E2D966BBB00757359 /* CTDeviceUtilities.swift in Sources */ = {isa = PBXBuildFile; fileRef = 50066AE72D966BBB00757359 /* CTDeviceUtilities.swift */; };
		50066B3F2D966BBB00757359 /* CTStack.swift in Sources */ = {isa = PBXBuildFile; fileRef = 50066AD42D966BBB00757359 /* CTStack.swift */; };
		50066B402D966BBB00757359 /* View+Conditional.swift in Sources */ = {isa = PBXBuildFile; fileRef = 50066AEB2D966BBB00757359 /* View+Conditional.swift */; };
		50066B412D966BBB00757359 /* CTDefaultTheme.swift in Sources */ = {isa = PBXBuildFile; fileRef = 50066AF72D966BBB00757359 /* CTDefaultTheme.swift */; };
		50066B422D966BBB00757359 /* CTAspectRatio.swift in Sources */ = {isa = PBXBuildFile; fileRef = 50066ACF2D966BBB00757359 /* CTAspectRatio.swift */; };
		50066B432D966BBB00757359 /* CTSlider.swift in Sources */ = {isa = PBXBuildFile; fileRef = 50066AC82D966BBB00757359 /* CTSlider.swift */; };
		50066B442D966BBB00757359 /* View+Shadow.swift in Sources */ = {isa = PBXBuildFile; fileRef = 50066AEC2D966BBB00757359 /* View+Shadow.swift */; };
		50066B452D966BBB00757359 /* CTImage.swift in Sources */ = {isa = PBXBuildFile; fileRef = 50066AD82D966BBB00757359 /* CTImage.swift */; };
		50066B462D966BBB00757359 /* CTHamburgerMenu.swift in Sources */ = {isa = PBXBuildFile; fileRef = 50066ADF2D966BBB00757359 /* CTHamburgerMenu.swift */; };
		50066B472D966BBB00757359 /* View+Theme.swift in Sources */ = {isa = PBXBuildFile; fileRef = 50066AED2D966BBB00757359 /* View+Theme.swift */; };
		50066B482D966BBB00757359 /* CTAvatar.swift in Sources */ = {isa = PBXBuildFile; fileRef = 50066AAB2D966BBB00757359 /* CTAvatar.swift */; };
		50066B492D966BBB00757359 /* CTTextField.swift in Sources */ = {isa = PBXBuildFile; fileRef = 50066ACA2D966BBB00757359 /* CTTextField.swift */; };
		50066B4A2D966BBB00757359 /* CTAnimations.swift in Sources */ = {isa = PBXBuildFile; fileRef = 50066AFF2D966BBB00757359 /* CTAnimations.swift */; };
		50066B4B2D966BBB00757359 /* CTTheme.swift in Sources */ = {isa = PBXBuildFile; fileRef = 50066AF92D966BBB00757359 /* CTTheme.swift */; };
		50066B4C2D966BBB00757359 /* CTAlert.swift in Sources */ = {isa = PBXBuildFile; fileRef = 50066ABD2D966BBB00757359 /* CTAlert.swift */; };
		50066B4D2D966BBB00757359 /* CTCommandPalette.swift in Sources */ = {isa = PBXBuildFile; fileRef = 50066ADD2D966BBB00757359 /* CTCommandPalette.swift */; };
		50066B4E2D966BBB00757359 /* CTCheckbox.swift in Sources */ = {isa = PBXBuildFile; fileRef = 50066AC32D966BBB00757359 /* CTCheckbox.swift */; };
		50066B4F2D966BBB00757359 /* CTTable.swift in Sources */ = {isa = PBXBuildFile; fileRef = 50066AB92D966BBB00757359 /* CTTable.swift */; };
		50066B502D966BBB00757359 /* CTDatePicker.swift in Sources */ = {isa = PBXBuildFile; fileRef = 50066AC42D966BBB00757359 /* CTDatePicker.swift */; };
		50066B512D966BBB00757359 /* CTScrollArea.swift in Sources */ = {isa = PBXBuildFile; fileRef = 50066AD32D966BBB00757359 /* CTScrollArea.swift */; };
		50066B532D966BBB00757359 /* Color+Hex.swift in Sources */ = {isa = PBXBuildFile; fileRef = 50066B052D966BBB00757359 /* Color+Hex.swift */; };
		50066B542D966BBB00757359 /* View+Accessibility.swift in Sources */ = {isa = PBXBuildFile; fileRef = 50066AE92D966BBB00757359 /* View+Accessibility.swift */; };
		50066B552D966BBB00757359 /* CTAlertDialog.swift in Sources */ = {isa = PBXBuildFile; fileRef = 50066ABE2D966BBB00757359 /* CTAlertDialog.swift */; };
		50066B562D966BBB00757359 /* CTToggle.swift in Sources */ = {isa = PBXBuildFile; fileRef = 50066ACB2D966BBB00757359 /* CTToggle.swift */; };
		50066B572D966BBB00757359 /* View+Typography.swift in Sources */ = {isa = PBXBuildFile; fileRef = 50066AEE2D966BBB00757359 /* View+Typography.swift */; };
		50066B582D966BBB00757359 /* CTDrawer.swift in Sources */ = {isa = PBXBuildFile; fileRef = 50066ADE2D966BBB00757359 /* CTDrawer.swift */; };
		50066B592D966BBB00757359 /* CTSecureField.swift in Sources */ = {isa = PBXBuildFile; fileRef = 50066AC62D966BBB00757359 /* CTSecureField.swift */; };
		50066B5A2D966BBB00757359 /* CTTag.swift in Sources */ = {isa = PBXBuildFile; fileRef = 50066ABA2D966BBB00757359 /* CTTag.swift */; };
		50066B5B2D966BBB00757359 /* CTContextMenu.swift in Sources */ = {isa = PBXBuildFile; fileRef = 50066AB42D966BBB00757359 /* CTContextMenu.swift */; };
		50066B5C2D966BBB00757359 /* CTCarousel.swift in Sources */ = {isa = PBXBuildFile; fileRef = 50066AD72D966BBB00757359 /* CTCarousel.swift */; };
		50066B5D2D966BBB00757359 /* CTLightTheme.swift in Sources */ = {isa = PBXBuildFile; fileRef = 50066AF82D966BBB00757359 /* CTLightTheme.swift */; };
		50066B5E2D966BBB00757359 /* CTPopover.swift in Sources */ = {isa = PBXBuildFile; fileRef = 50066AE22D966BBB00757359 /* CTPopover.swift */; };
		50066B5F2D966BBB00757359 /* CTIcon.swift in Sources */ = {isa = PBXBuildFile; fileRef = 50066AAE2D966BBB00757359 /* CTIcon.swift */; };
		50066B602D966BBB00757359 /* CTGrid.swift in Sources */ = {isa = PBXBuildFile; fileRef = 50066AD22D966BBB00757359 /* CTGrid.swift */; };
		50066B612D966BBB00757359 /* CTHoverCard.swift in Sources */ = {isa = PBXBuildFile; fileRef = 50066AB72D966BBB00757359 /* CTHoverCard.swift */; };
		50066B622D966BBB00757359 /* CTCard.swift in Sources */ = {isa = PBXBuildFile; fileRef = 50066AD02D966BBB00757359 /* CTCard.swift */; };
		50066B632D966BBB00757359 /* CTAccordion.swift in Sources */ = {isa = PBXBuildFile; fileRef = 50066ACE2D966BBB00757359 /* CTAccordion.swift */; };
		50066B642D966BBB00757359 /* CTBottomSheet.swift in Sources */ = {isa = PBXBuildFile; fileRef = 50066ADC2D966BBB00757359 /* CTBottomSheet.swift */; };
		50066B652D966BBB00757359 /* CTDataTable.swift in Sources */ = {isa = PBXBuildFile; fileRef = 50066AB52D966BBB00757359 /* CTDataTable.swift */; };
		50066B662D966BBB00757359 /* CTRadioGroup.swift in Sources */ = {isa = PBXBuildFile; fileRef = 50066AC52D966BBB00757359 /* CTRadioGroup.swift */; };
		50066B672D966BBB00757359 /* CTText.swift in Sources */ = {isa = PBXBuildFile; fileRef = 50066AAF2D966BBB00757359 /* CTText.swift */; };
		50066B682D966BBB00757359 /* CTSkeletonLoader.swift in Sources */ = {isa = PBXBuildFile; fileRef = 50066AC02D966BBB00757359 /* CTSkeletonLoader.swift */; };
		50066B692D966BBB00757359 /* CTToast.swift in Sources */ = {isa = PBXBuildFile; fileRef = 50066AC12D966BBB00757359 /* CTToast.swift */; };
		50066B6A2D966BBB00757359 /* CTTypography.swift in Sources */ = {isa = PBXBuildFile; fileRef = 50066B022D966BBB00757359 /* CTTypography.swift */; };
		50066B6B2D966BBB00757359 /* CTAnimationManager.swift in Sources */ = {isa = PBXBuildFile; fileRef = 50066B072D966BBB00757359 /* CTAnimationManager.swift */; };
		50066B6C2D966BBB00757359 /* CTLayoutUtilities.swift in Sources */ = {isa = PBXBuildFile; fileRef = 50066AE82D966BBB00757359 /* CTLayoutUtilities.swift */; };
		50066B6D2D966BBB00757359 /* CTProgress.swift in Sources */ = {isa = PBXBuildFile; fileRef = 50066ABF2D966BBB00757359 /* CTProgress.swift */; };
		50066B6E2D966BBB00757359 /* CodetwelveUI.swift in Sources */ = {isa = PBXBuildFile; fileRef = 50066B092D966BBB00757359 /* CodetwelveUI.swift */; };
		50066B6F2D966BBB00757359 /* CTNavigationMenu.swift in Sources */ = {isa = PBXBuildFile; fileRef = 50066AE02D966BBB00757359 /* CTNavigationMenu.swift */; };
		50066B702D966BBB00757359 /* CTSelect.swift in Sources */ = {isa = PBXBuildFile; fileRef = 50066AC72D966BBB00757359 /* CTSelect.swift */; };
		50066B712D966BBB00757359 /* CTPagination.swift in Sources */ = {isa = PBXBuildFile; fileRef = 50066AE12D966BBB00757359 /* CTPagination.swift */; };
		50066B722D966BBB00757359 /* CTSpacing.swift in Sources */ = {isa = PBXBuildFile; fileRef = 50066B012D966BBB00757359 /* CTSpacing.swift */; };
		50066B732D966BBB00757359 /* CTTabBar.swift in Sources */ = {isa = PBXBuildFile; fileRef = 50066AE32D966BBB00757359 /* CTTabBar.swift */; };
		50066B742D966BBB00757359 /* CTAccessibilityUtilities.swift in Sources */ = {isa = PBXBuildFile; fileRef = 50066B062D966BBB00757359 /* CTAccessibilityUtilities.swift */; };
		50066B752D966BBB00757359 /* CTTheme+Default.swift in Sources */ = {isa = PBXBuildFile; fileRef = 50066AFA2D966BBB00757359 /* CTTheme+Default.swift */; };
		50066B762D966BBB00757359 /* CTVideo.swift in Sources */ = {isa = PBXBuildFile; fileRef = 50066AD92D966BBB00757359 /* CTVideo.swift */; };
		50066B772D966BBB00757359 /* CTTextArea.swift in Sources */ = {isa = PBXBuildFile; fileRef = 50066AC92D966BBB00757359 /* CTTextArea.swift */; };
		50066B782D966BBB00757359 /* View+Animation.swift in Sources */ = {isa = PBXBuildFile; fileRef = 50066AEA2D966BBB00757359 /* View+Animation.swift */; };
		50066B792D966BBB00757359 /* CTDropdownMenu.swift in Sources */ = {isa = PBXBuildFile; fileRef = 50066AB62D966BBB00757359 /* CTDropdownMenu.swift */; };
		50066B7A2D966BBB00757359 /* CTDivider.swift in Sources */ = {isa = PBXBuildFile; fileRef = 50066AAD2D966BBB00757359 /* CTDivider.swift */; };
		50066B7B2D966BBB00757359 /* CTThemeBuilder.swift in Sources */ = {isa = PBXBuildFile; fileRef = 50066AFB2D966BBB00757359 /* CTThemeBuilder.swift */; };
		50066B7C2D966BBB00757359 /* CTContainer.swift in Sources */ = {isa = PBXBuildFile; fileRef = 50066AD12D966BBB00757359 /* CTContainer.swift */; };
		50066B7D2D966BBB00757359 /* CTList.swift in Sources */ = {isa = PBXBuildFile; fileRef = 50066AB82D966BBB00757359 /* CTList.swift */; };
		50066B7E2D966BBB00757359 /* CTColors.swift in Sources */ = {isa = PBXBuildFile; fileRef = 50066B002D966BBB00757359 /* CTColors.swift */; };
		50066B7F2D966BBB00757359 /* CTDarkTheme.swift in Sources */ = {isa = PBXBuildFile; fileRef = 50066AF62D966BBB00757359 /* CTDarkTheme.swift */; };
		50066B802D966BBB00757359 /* CTButton.swift in Sources */ = {isa = PBXBuildFile; fileRef = 50066AAC2D966BBB00757359 /* CTButton.swift */; };
		50066B812D966BBB00757359 /* CTThemeManager.swift in Sources */ = {isa = PBXBuildFile; fileRef = 50066AFC2D966BBB00757359 /* CTThemeManager.swift */; };
		50066B822D966BBB00757359 /* CTDeviceUtilities.swift in Sources */ = {isa = PBXBuildFile; fileRef = 50066AE72D966BBB00757359 /* CTDeviceUtilities.swift */; };
		50066B832D966BBB00757359 /* CTStack.swift in Sources */ = {isa = PBXBuildFile; fileRef = 50066AD42D966BBB00757359 /* CTStack.swift */; };
		50066B842D966BBB00757359 /* View+Conditional.swift in Sources */ = {isa = PBXBuildFile; fileRef = 50066AEB2D966BBB00757359 /* View+Conditional.swift */; };
		50066B852D966BBB00757359 /* CTDefaultTheme.swift in Sources */ = {isa = PBXBuildFile; fileRef = 50066AF72D966BBB00757359 /* CTDefaultTheme.swift */; };
		50066B862D966BBB00757359 /* CTAspectRatio.swift in Sources */ = {isa = PBXBuildFile; fileRef = 50066ACF2D966BBB00757359 /* CTAspectRatio.swift */; };
		50066B872D966BBB00757359 /* CTSlider.swift in Sources */ = {isa = PBXBuildFile; fileRef = 50066AC82D966BBB00757359 /* CTSlider.swift */; };
		50066B882D966BBB00757359 /* View+Shadow.swift in Sources */ = {isa = PBXBuildFile; fileRef = 50066AEC2D966BBB00757359 /* View+Shadow.swift */; };
		50066B892D966BBB00757359 /* CTImage.swift in Sources */ = {isa = PBXBuildFile; fileRef = 50066AD82D966BBB00757359 /* CTImage.swift */; };
		50066B8A2D966BBB00757359 /* CTHamburgerMenu.swift in Sources */ = {isa = PBXBuildFile; fileRef = 50066ADF2D966BBB00757359 /* CTHamburgerMenu.swift */; };
		50066B8B2D966BBB00757359 /* View+Theme.swift in Sources */ = {isa = PBXBuildFile; fileRef = 50066AED2D966BBB00757359 /* View+Theme.swift */; };
		50066B8C2D966BBB00757359 /* CTAvatar.swift in Sources */ = {isa = PBXBuildFile; fileRef = 50066AAB2D966BBB00757359 /* CTAvatar.swift */; };
		50066B8D2D966BBB00757359 /* CTTextField.swift in Sources */ = {isa = PBXBuildFile; fileRef = 50066ACA2D966BBB00757359 /* CTTextField.swift */; };
		50066B8E2D966BBB00757359 /* CTAnimations.swift in Sources */ = {isa = PBXBuildFile; fileRef = 50066AFF2D966BBB00757359 /* CTAnimations.swift */; };
		50066B8F2D966BBB00757359 /* CTTheme.swift in Sources */ = {isa = PBXBuildFile; fileRef = 50066AF92D966BBB00757359 /* CTTheme.swift */; };
		50066B902D966BBB00757359 /* CTAlert.swift in Sources */ = {isa = PBXBuildFile; fileRef = 50066ABD2D966BBB00757359 /* CTAlert.swift */; };
		50066B912D966BBB00757359 /* CTCommandPalette.swift in Sources */ = {isa = PBXBuildFile; fileRef = 50066ADD2D966BBB00757359 /* CTCommandPalette.swift */; };
		50066B922D966BBB00757359 /* CTCheckbox.swift in Sources */ = {isa = PBXBuildFile; fileRef = 50066AC32D966BBB00757359 /* CTCheckbox.swift */; };
		50066B932D966BBB00757359 /* CTTable.swift in Sources */ = {isa = PBXBuildFile; fileRef = 50066AB92D966BBB00757359 /* CTTable.swift */; };
		50066B9B2D966BBB00757359 /* Colors.xcassets in Resources */ = {isa = PBXBuildFile; fileRef = 50066AF32D966BBB00757359 /* Colors.xcassets */; };
		50066BA92D966BCC00757359 /* ComponentCatalog.swift in Sources */ = {isa = PBXBuildFile; fileRef = 50066BA32D966BCC00757359 /* ComponentCatalog.swift */; };
		50066BAA2D966BCC00757359 /* CodeTwelveExamplesApp.swift in Sources */ = {isa = PBXBuildFile; fileRef = 50066BA22D966BCC00757359 /* CodeTwelveExamplesApp.swift */; };
		50066BAB2D966BCC00757359 /* ContentView.swift in Sources */ = {isa = PBXBuildFile; fileRef = 50066BA42D966BCC00757359 /* ContentView.swift */; };
		50066BAC2D966BCC00757359 /* ThemeExplorer.swift in Sources */ = {isa = PBXBuildFile; fileRef = 50066BA62D966BCC00757359 /* ThemeExplorer.swift */; };
		50066BAD2D966BCC00757359 /* Assets.xcassets in Resources */ = {isa = PBXBuildFile; fileRef = 50066BA12D966BCC00757359 /* Assets.xcassets */; };
		50066BAE2D966BCC00757359 /* Info.plist in Resources */ = {isa = PBXBuildFile; fileRef = 50066BA52D966BCC00757359 /* Info.plist */; };
		50066BED2D966BDB00757359 /* CTTagTests.swift in Sources */ = {isa = PBXBuildFile; fileRef = 50066BDB2D966BDB00757359 /* CTTagTests.swift */; };
		50066BEE2D966BDB00757359 /* CTSelectTests.swift in Sources */ = {isa = PBXBuildFile; fileRef = 50066BD52D966BDB00757359 /* CTSelectTests.swift */; };
		50066BEF2D966BDB00757359 /* CTCommandPaletteTests.swift in Sources */ = {isa = PBXBuildFile; fileRef = 50066BC12D966BDB00757359 /* CTCommandPaletteTests.swift */; };
		50066BF02D966BDB00757359 /* CTScrollAreaTests.swift in Sources */ = {isa = PBXBuildFile; fileRef = 50066BD32D966BDB00757359 /* CTScrollAreaTests.swift */; };
		50066BF12D966BDB00757359 /* CTTabBarTests.swift in Sources */ = {isa = PBXBuildFile; fileRef = 50066BD92D966BDB00757359 /* CTTabBarTests.swift */; };
		50066BF22D966BDB00757359 /* CTPaginationTests.swift in Sources */ = {isa = PBXBuildFile; fileRef = 50066BCF2D966BDB00757359 /* CTPaginationTests.swift */; };
		50066BF32D966BDB00757359 /* CTSliderAccessibilityTests.swift in Sources */ = {isa = PBXBuildFile; fileRef = 50066BB42D966BDB00757359 /* CTSliderAccessibilityTests.swift */; };
		50066BF42D966BDB00757359 /* CTCardTests.swift in Sources */ = {isa = PBXBuildFile; fileRef = 50066BBE2D966BDB00757359 /* CTCardTests.swift */; };
		50066BF52D966BDB00757359 /* CTHoverCardTests.swift in Sources */ = {isa = PBXBuildFile; fileRef = 50066BCA2D966BDB00757359 /* CTHoverCardTests.swift */; };
		50066BF62D966BDB00757359 /* CTAccordionTests.swift in Sources */ = {isa = PBXBuildFile; fileRef = 50066BB82D966BDB00757359 /* CTAccordionTests.swift */; };
		50066BF72D966BDB00757359 /* CTDataTableTests.swift in Sources */ = {isa = PBXBuildFile; fileRef = 50066BC42D966BDB00757359 /* CTDataTableTests.swift */; };
		50066BF82D966BDB00757359 /* CTSecureFieldTests.swift in Sources */ = {isa = PBXBuildFile; fileRef = 50066BD42D966BDB00757359 /* CTSecureFieldTests.swift */; };
		50066BF92D966BDB00757359 /* CTDropdownMenuTests.swift in Sources */ = {isa = PBXBuildFile; fileRef = 50066BC72D966BDB00757359 /* CTDropdownMenuTests.swift */; };
		50066BFA2D966BDB00757359 /* CTVideoTests.swift in Sources */ = {isa = PBXBuildFile; fileRef = 50066BE12D966BDB00757359 /* CTVideoTests.swift */; };
		50066BFB2D966BDB00757359 /* CTSliderTests.swift in Sources */ = {isa = PBXBuildFile; fileRef = 50066BD72D966BDB00757359 /* CTSliderTests.swift */; };
		50066BFC2D966BDB00757359 /* CTTextFieldTests.swift in Sources */ = {isa = PBXBuildFile; fileRef = 50066BDD2D966BDB00757359 /* CTTextFieldTests.swift */; };
		50066BFD2D966BDB00757359 /* CTTableTests.swift in Sources */ = {isa = PBXBuildFile; fileRef = 50066BDA2D966BDB00757359 /* CTTableTests.swift */; };
		50066BFE2D966BDB00757359 /* CTDatePickerTests.swift in Sources */ = {isa = PBXBuildFile; fileRef = 50066BC52D966BDB00757359 /* CTDatePickerTests.swift */; };
		50066BFF2D966BDB00757359 /* CTRadioGroupTests.swift in Sources */ = {isa = PBXBuildFile; fileRef = 50066BD22D966BDB00757359 /* CTRadioGroupTests.swift */; };
		50066C002D966BDB00757359 /* CTStackTests.swift in Sources */ = {isa = PBXBuildFile; fileRef = 50066BD82D966BDB00757359 /* CTStackTests.swift */; };
		50066C012D966BDB00757359 /* CTPopoverTests.swift in Sources */ = {isa = PBXBuildFile; fileRef = 50066BD02D966BDB00757359 /* CTPopoverTests.swift */; };
		50066C022D966BDB00757359 /* CTCheckboxTests.swift in Sources */ = {isa = PBXBuildFile; fileRef = 50066BC02D966BDB00757359 /* CTCheckboxTests.swift */; };
		50066C032D966BDB00757359 /* CTTextTests.swift in Sources */ = {isa = PBXBuildFile; fileRef = 50066BDE2D966BDB00757359 /* CTTextTests.swift */; };
		50066C042D966BDB00757359 /* CTBottomSheetTests.swift in Sources */ = {isa = PBXBuildFile; fileRef = 50066BBC2D966BDB00757359 /* CTBottomSheetTests.swift */; };
		50066C052D966BDB00757359 /* CTGridTests.swift in Sources */ = {isa = PBXBuildFile; fileRef = 50066BC82D966BDB00757359 /* CTGridTests.swift */; };
		50066C062D966BDB00757359 /* CTRadioGroupAccessibilityTests.swift in Sources */ = {isa = PBXBuildFile; fileRef = 50066BB32D966BDB00757359 /* CTRadioGroupAccessibilityTests.swift */; };
		50066C072D966BDB00757359 /* CTNavigationIntegrationTests.swift in Sources */ = {isa = PBXBuildFile; fileRef = 50066BE52D966BDB00757359 /* CTNavigationIntegrationTests.swift */; };
		50066C082D966BDB00757359 /* CTProgressAccessibilityTests.swift in Sources */ = {isa = PBXBuildFile; fileRef = 50066BB22D966BDB00757359 /* CTProgressAccessibilityTests.swift */; };
		50066C092D966BDB00757359 /* CTIconTests.swift in Sources */ = {isa = PBXBuildFile; fileRef = 50066BCB2D966BDB00757359 /* CTIconTests.swift */; };
		50066C0A2D966BDB00757359 /* CTFormIntegrationTests.swift in Sources */ = {isa = PBXBuildFile; fileRef = 50066BE42D966BDB00757359 /* CTFormIntegrationTests.swift */; };
		50066C0B2D966BDB00757359 /* CTHamburgerMenuTests.swift in Sources */ = {isa = PBXBuildFile; fileRef = 50066BC92D966BDB00757359 /* CTHamburgerMenuTests.swift */; };
		50066C0C2D966BDB00757359 /* CTToastTests.swift in Sources */ = {isa = PBXBuildFile; fileRef = 50066BDF2D966BDB00757359 /* CTToastTests.swift */; };
		50066C0D2D966BDB00757359 /* CTProgressTests.swift in Sources */ = {isa = PBXBuildFile; fileRef = 50066BD12D966BDB00757359 /* CTProgressTests.swift */; };
		50066C0E2D966BDB00757359 /* CTToggleTests.swift in Sources */ = {isa = PBXBuildFile; fileRef = 50066BE02D966BDB00757359 /* CTToggleTests.swift */; };
		50066C0F2D966BDB00757359 /* CTNavigationMenuTests.swift in Sources */ = {isa = PBXBuildFile; fileRef = 50066BCE2D966BDB00757359 /* CTNavigationMenuTests.swift */; };
		50066C102D966BDB00757359 /* CTTextAreaTests.swift in Sources */ = {isa = PBXBuildFile; fileRef = 50066BDC2D966BDB00757359 /* CTTextAreaTests.swift */; };
		50066C112D966BDB00757359 /* CTAlertTests.swift in Sources */ = {isa = PBXBuildFile; fileRef = 50066BBA2D966BDB00757359 /* CTAlertTests.swift */; };
		50066C122D966BDB00757359 /* CTContextMenuTests.swift in Sources */ = {isa = PBXBuildFile; fileRef = 50066BC32D966BDB00757359 /* CTContextMenuTests.swift */; };
		50066C132D966BDB00757359 /* CTContainerTests.swift in Sources */ = {isa = PBXBuildFile; fileRef = 50066BC22D966BDB00757359 /* CTContainerTests.swift */; };
		50066C142D966BDB00757359 /* CTToggleAccessibilityTests.swift in Sources */ = {isa = PBXBuildFile; fileRef = 50066BB62D966BDB00757359 /* CTToggleAccessibilityTests.swift */; };
		50066C152D966BDB00757359 /* CTCheckboxAccessibilityTests.swift in Sources */ = {isa = PBXBuildFile; fileRef = 50066BB12D966BDB00757359 /* CTCheckboxAccessibilityTests.swift */; };
		50066C162D966BDB00757359 /* CTDividerTests.swift in Sources */ = {isa = PBXBuildFile; fileRef = 50066BC62D966BDB00757359 /* CTDividerTests.swift */; };
		50066C172D966BDB00757359 /* CTSkeletonLoaderTests.swift in Sources */ = {isa = PBXBuildFile; fileRef = 50066BD62D966BDB00757359 /* CTSkeletonLoaderTests.swift */; };
		50066C182D966BDB00757359 /* CTButtonTests.swift in Sources */ = {isa = PBXBuildFile; fileRef = 50066BBD2D966BDB00757359 /* CTButtonTests.swift */; };
		50066C192D966BDB00757359 /* CTButtonAccessibilityTests.swift in Sources */ = {isa = PBXBuildFile; fileRef = 50066BB02D966BDB00757359 /* CTButtonAccessibilityTests.swift */; };
		50066C1A2D966BDB00757359 /* CTAspectRatioTests.swift in Sources */ = {isa = PBXBuildFile; fileRef = 50066BBB2D966BDB00757359 /* CTAspectRatioTests.swift */; };
		50066C1B2D966BDB00757359 /* CTImageTests.swift in Sources */ = {isa = PBXBuildFile; fileRef = 50066BCC2D966BDB00757359 /* CTImageTests.swift */; };
		50066C1C2D966BDB00757359 /* CTListTests.swift in Sources */ = {isa = PBXBuildFile; fileRef = 50066BCD2D966BDB00757359 /* CTListTests.swift */; };
		50066C1D2D966BDB00757359 /* CTTextFieldAccessibilityTests.swift in Sources */ = {isa = PBXBuildFile; fileRef = 50066BB52D966BDB00757359 /* CTTextFieldAccessibilityTests.swift */; };
		50066C1E2D966BDB00757359 /* CTCarouselTests.swift in Sources */ = {isa = PBXBuildFile; fileRef = 50066BBF2D966BDB00757359 /* CTCarouselTests.swift */; };
		50066C1F2D966BDB00757359 /* CTAlertDialogTests.swift in Sources */ = {isa = PBXBuildFile; fileRef = 50066BB92D966BDB00757359 /* CTAlertDialogTests.swift */; };
		50066C212D966C2600757359 /* CodetwelveUI.framework in Frameworks */ = {isa = PBXBuildFile; fileRef = F295CA8ED85DB00ED081A2D0 /* CodetwelveUI.framework */; };
		50066C222D966C2600757359 /* CodetwelveUI.framework in Embed Frameworks */ = {isa = PBXBuildFile; fileRef = F295CA8ED85DB00ED081A2D0 /* CodetwelveUI.framework */; settings = {ATTRIBUTES = (CodeSignOnCopy, RemoveHeadersOnCopy, ); }; };
		50066C2B2D967E3F00757359 /* TextExamples.swift in Sources */ = {isa = PBXBuildFile; fileRef = 50066C292D967E3F00757359 /* TextExamples.swift */; };
		50066C2C2D967E3F00757359 /* ButtonExamples.swift in Sources */ = {isa = PBXBuildFile; fileRef = 50066C262D967E3F00757359 /* ButtonExamples.swift */; };
		50066C2D2D967E3F00757359 /* IconExamples.swift in Sources */ = {isa = PBXBuildFile; fileRef = 50066C282D967E3F00757359 /* IconExamples.swift */; };
		50066C2E2D967E3F00757359 /* DividerExamples.swift in Sources */ = {isa = PBXBuildFile; fileRef = 50066C272D967E3F00757359 /* DividerExamples.swift */; };
		ACB51FAA050C340A5B2500A6 /* CodetwelveUI.framework in Embed Frameworks */ = {isa = PBXBuildFile; fileRef = F295CA8ED85DB00ED081A2D0 /* CodetwelveUI.framework */; settings = {ATTRIBUTES = (CodeSignOnCopy, RemoveHeadersOnCopy, ); }; };
/* End PBXBuildFile section */

/* Begin PBXContainerItemProxy section */
		2D054E576190C2F2C14DF28A /* PBXContainerItemProxy */ = {
			isa = PBXContainerItemProxy;
			containerPortal = CE6E9C24ED774C7EE68C6EFC /* Project object */;
			proxyType = 1;
			remoteGlobalIDString = 7D914220CE7A112555E39ED9;
			remoteInfo = CodetwelveUI;
		};
		50066C232D966C2600757359 /* PBXContainerItemProxy */ = {
			isa = PBXContainerItemProxy;
			containerPortal = CE6E9C24ED774C7EE68C6EFC /* Project object */;
			proxyType = 1;
			remoteGlobalIDString = 7D914220CE7A112555E39ED9;
			remoteInfo = CodetwelveUI;
		};
/* End PBXContainerItemProxy section */

/* Begin PBXCopyFilesBuildPhase section */
		50066C252D966C2600757359 /* Embed Frameworks */ = {
			isa = PBXCopyFilesBuildPhase;
			buildActionMask = 2147483647;
			dstPath = "";
			dstSubfolderSpec = 10;
			files = (
				50066C222D966C2600757359 /* CodetwelveUI.framework in Embed Frameworks */,
			);
			name = "Embed Frameworks";
			runOnlyForDeploymentPostprocessing = 0;
		};
		D663552F810E9F6F9E4CCD5E /* Embed Frameworks */ = {
			isa = PBXCopyFilesBuildPhase;
			buildActionMask = 2147483647;
			dstPath = "";
			dstSubfolderSpec = 10;
			files = (
				ACB51FAA050C340A5B2500A6 /* CodetwelveUI.framework in Embed Frameworks */,
			);
			name = "Embed Frameworks";
			runOnlyForDeploymentPostprocessing = 0;
		};
/* End PBXCopyFilesBuildPhase section */

/* Begin PBXFileReference section */
		4658D568AE3DF84B5958100F /* CodeTwelve-iOS-UIKit.app */ = {isa = PBXFileReference; explicitFileType = wrapper.application; includeInIndex = 0; path = "CodeTwelve-iOS-UIKit.app"; sourceTree = BUILT_PRODUCTS_DIR; };
		50066AAB2D966BBB00757359 /* CTAvatar.swift */ = {isa = PBXFileReference; lastKnownFileType = sourcecode.swift; path = CTAvatar.swift; sourceTree = "<group>"; };
		50066AAC2D966BBB00757359 /* CTButton.swift */ = {isa = PBXFileReference; lastKnownFileType = sourcecode.swift; path = CTButton.swift; sourceTree = "<group>"; };
		50066AAD2D966BBB00757359 /* CTDivider.swift */ = {isa = PBXFileReference; lastKnownFileType = sourcecode.swift; path = CTDivider.swift; sourceTree = "<group>"; };
		50066AAE2D966BBB00757359 /* CTIcon.swift */ = {isa = PBXFileReference; lastKnownFileType = sourcecode.swift; path = CTIcon.swift; sourceTree = "<group>"; };
		50066AAF2D966BBB00757359 /* CTText.swift */ = {isa = PBXFileReference; lastKnownFileType = sourcecode.swift; path = CTText.swift; sourceTree = "<group>"; };
		50066AB42D966BBB00757359 /* CTContextMenu.swift */ = {isa = PBXFileReference; lastKnownFileType = sourcecode.swift; path = CTContextMenu.swift; sourceTree = "<group>"; };
		50066AB52D966BBB00757359 /* CTDataTable.swift */ = {isa = PBXFileReference; lastKnownFileType = sourcecode.swift; path = CTDataTable.swift; sourceTree = "<group>"; };
		50066AB62D966BBB00757359 /* CTDropdownMenu.swift */ = {isa = PBXFileReference; lastKnownFileType = sourcecode.swift; path = CTDropdownMenu.swift; sourceTree = "<group>"; };
		50066AB72D966BBB00757359 /* CTHoverCard.swift */ = {isa = PBXFileReference; lastKnownFileType = sourcecode.swift; path = CTHoverCard.swift; sourceTree = "<group>"; };
		50066AB82D966BBB00757359 /* CTList.swift */ = {isa = PBXFileReference; lastKnownFileType = sourcecode.swift; path = CTList.swift; sourceTree = "<group>"; };
		50066AB92D966BBB00757359 /* CTTable.swift */ = {isa = PBXFileReference; lastKnownFileType = sourcecode.swift; path = CTTable.swift; sourceTree = "<group>"; };
		50066ABA2D966BBB00757359 /* CTTag.swift */ = {isa = PBXFileReference; lastKnownFileType = sourcecode.swift; path = CTTag.swift; sourceTree = "<group>"; };
		50066ABD2D966BBB00757359 /* CTAlert.swift */ = {isa = PBXFileReference; lastKnownFileType = sourcecode.swift; path = CTAlert.swift; sourceTree = "<group>"; };
		50066ABE2D966BBB00757359 /* CTAlertDialog.swift */ = {isa = PBXFileReference; lastKnownFileType = sourcecode.swift; path = CTAlertDialog.swift; sourceTree = "<group>"; };
		50066ABF2D966BBB00757359 /* CTProgress.swift */ = {isa = PBXFileReference; lastKnownFileType = sourcecode.swift; path = CTProgress.swift; sourceTree = "<group>"; };
		50066AC02D966BBB00757359 /* CTSkeletonLoader.swift */ = {isa = PBXFileReference; lastKnownFileType = sourcecode.swift; path = CTSkeletonLoader.swift; sourceTree = "<group>"; };
		50066AC12D966BBB00757359 /* CTToast.swift */ = {isa = PBXFileReference; lastKnownFileType = sourcecode.swift; path = CTToast.swift; sourceTree = "<group>"; };
		50066AC32D966BBB00757359 /* CTCheckbox.swift */ = {isa = PBXFileReference; lastKnownFileType = sourcecode.swift; path = CTCheckbox.swift; sourceTree = "<group>"; };
		50066AC42D966BBB00757359 /* CTDatePicker.swift */ = {isa = PBXFileReference; lastKnownFileType = sourcecode.swift; path = CTDatePicker.swift; sourceTree = "<group>"; };
		50066AC52D966BBB00757359 /* CTRadioGroup.swift */ = {isa = PBXFileReference; lastKnownFileType = sourcecode.swift; path = CTRadioGroup.swift; sourceTree = "<group>"; };
		50066AC62D966BBB00757359 /* CTSecureField.swift */ = {isa = PBXFileReference; lastKnownFileType = sourcecode.swift; path = CTSecureField.swift; sourceTree = "<group>"; };
		50066AC72D966BBB00757359 /* CTSelect.swift */ = {isa = PBXFileReference; lastKnownFileType = sourcecode.swift; path = CTSelect.swift; sourceTree = "<group>"; };
		50066AC82D966BBB00757359 /* CTSlider.swift */ = {isa = PBXFileReference; lastKnownFileType = sourcecode.swift; path = CTSlider.swift; sourceTree = "<group>"; };
		50066AC92D966BBB00757359 /* CTTextArea.swift */ = {isa = PBXFileReference; lastKnownFileType = sourcecode.swift; path = CTTextArea.swift; sourceTree = "<group>"; };
		50066ACA2D966BBB00757359 /* CTTextField.swift */ = {isa = PBXFileReference; lastKnownFileType = sourcecode.swift; path = CTTextField.swift; sourceTree = "<group>"; };
		50066ACB2D966BBB00757359 /* CTToggle.swift */ = {isa = PBXFileReference; lastKnownFileType = sourcecode.swift; path = CTToggle.swift; sourceTree = "<group>"; };
		50066ACE2D966BBB00757359 /* CTAccordion.swift */ = {isa = PBXFileReference; lastKnownFileType = sourcecode.swift; path = CTAccordion.swift; sourceTree = "<group>"; };
		50066ACF2D966BBB00757359 /* CTAspectRatio.swift */ = {isa = PBXFileReference; lastKnownFileType = sourcecode.swift; path = CTAspectRatio.swift; sourceTree = "<group>"; };
		50066AD02D966BBB00757359 /* CTCard.swift */ = {isa = PBXFileReference; lastKnownFileType = sourcecode.swift; path = CTCard.swift; sourceTree = "<group>"; };
		50066AD12D966BBB00757359 /* CTContainer.swift */ = {isa = PBXFileReference; lastKnownFileType = sourcecode.swift; path = CTContainer.swift; sourceTree = "<group>"; };
		50066AD22D966BBB00757359 /* CTGrid.swift */ = {isa = PBXFileReference; lastKnownFileType = sourcecode.swift; path = CTGrid.swift; sourceTree = "<group>"; };
		50066AD32D966BBB00757359 /* CTScrollArea.swift */ = {isa = PBXFileReference; lastKnownFileType = sourcecode.swift; path = CTScrollArea.swift; sourceTree = "<group>"; };
		50066AD42D966BBB00757359 /* CTStack.swift */ = {isa = PBXFileReference; lastKnownFileType = sourcecode.swift; path = CTStack.swift; sourceTree = "<group>"; };
		50066AD72D966BBB00757359 /* CTCarousel.swift */ = {isa = PBXFileReference; lastKnownFileType = sourcecode.swift; path = CTCarousel.swift; sourceTree = "<group>"; };
		50066AD82D966BBB00757359 /* CTImage.swift */ = {isa = PBXFileReference; lastKnownFileType = sourcecode.swift; path = CTImage.swift; sourceTree = "<group>"; };
		50066AD92D966BBB00757359 /* CTVideo.swift */ = {isa = PBXFileReference; lastKnownFileType = sourcecode.swift; path = CTVideo.swift; sourceTree = "<group>"; };
		50066ADC2D966BBB00757359 /* CTBottomSheet.swift */ = {isa = PBXFileReference; lastKnownFileType = sourcecode.swift; path = CTBottomSheet.swift; sourceTree = "<group>"; };
		50066ADD2D966BBB00757359 /* CTCommandPalette.swift */ = {isa = PBXFileReference; lastKnownFileType = sourcecode.swift; path = CTCommandPalette.swift; sourceTree = "<group>"; };
		50066ADE2D966BBB00757359 /* CTDrawer.swift */ = {isa = PBXFileReference; lastKnownFileType = sourcecode.swift; path = CTDrawer.swift; sourceTree = "<group>"; };
		50066ADF2D966BBB00757359 /* CTHamburgerMenu.swift */ = {isa = PBXFileReference; lastKnownFileType = sourcecode.swift; path = CTHamburgerMenu.swift; sourceTree = "<group>"; };
		50066AE02D966BBB00757359 /* CTNavigationMenu.swift */ = {isa = PBXFileReference; lastKnownFileType = sourcecode.swift; path = CTNavigationMenu.swift; sourceTree = "<group>"; };
		50066AE12D966BBB00757359 /* CTPagination.swift */ = {isa = PBXFileReference; lastKnownFileType = sourcecode.swift; path = CTPagination.swift; sourceTree = "<group>"; };
		50066AE22D966BBB00757359 /* CTPopover.swift */ = {isa = PBXFileReference; lastKnownFileType = sourcecode.swift; path = CTPopover.swift; sourceTree = "<group>"; };
		50066AE32D966BBB00757359 /* CTTabBar.swift */ = {isa = PBXFileReference; lastKnownFileType = sourcecode.swift; path = CTTabBar.swift; sourceTree = "<group>"; };
		50066AE72D966BBB00757359 /* CTDeviceUtilities.swift */ = {isa = PBXFileReference; lastKnownFileType = sourcecode.swift; path = CTDeviceUtilities.swift; sourceTree = "<group>"; };
		50066AE82D966BBB00757359 /* CTLayoutUtilities.swift */ = {isa = PBXFileReference; lastKnownFileType = sourcecode.swift; path = CTLayoutUtilities.swift; sourceTree = "<group>"; };
		50066AE92D966BBB00757359 /* View+Accessibility.swift */ = {isa = PBXFileReference; lastKnownFileType = sourcecode.swift; path = "View+Accessibility.swift"; sourceTree = "<group>"; };
		50066AEA2D966BBB00757359 /* View+Animation.swift */ = {isa = PBXFileReference; lastKnownFileType = sourcecode.swift; path = "View+Animation.swift"; sourceTree = "<group>"; };
		50066AEB2D966BBB00757359 /* View+Conditional.swift */ = {isa = PBXFileReference; lastKnownFileType = sourcecode.swift; path = "View+Conditional.swift"; sourceTree = "<group>"; };
		50066AEC2D966BBB00757359 /* View+Shadow.swift */ = {isa = PBXFileReference; lastKnownFileType = sourcecode.swift; path = "View+Shadow.swift"; sourceTree = "<group>"; };
		50066AED2D966BBB00757359 /* View+Theme.swift */ = {isa = PBXFileReference; lastKnownFileType = sourcecode.swift; path = "View+Theme.swift"; sourceTree = "<group>"; };
		50066AEE2D966BBB00757359 /* View+Typography.swift */ = {isa = PBXFileReference; lastKnownFileType = sourcecode.swift; path = "View+Typography.swift"; sourceTree = "<group>"; };
		50066AF32D966BBB00757359 /* Colors.xcassets */ = {isa = PBXFileReference; lastKnownFileType = folder.assetcatalog; path = Colors.xcassets; sourceTree = "<group>"; };
		50066AF62D966BBB00757359 /* CTDarkTheme.swift */ = {isa = PBXFileReference; lastKnownFileType = sourcecode.swift; path = CTDarkTheme.swift; sourceTree = "<group>"; };
		50066AF72D966BBB00757359 /* CTDefaultTheme.swift */ = {isa = PBXFileReference; lastKnownFileType = sourcecode.swift; path = CTDefaultTheme.swift; sourceTree = "<group>"; };
		50066AF82D966BBB00757359 /* CTLightTheme.swift */ = {isa = PBXFileReference; lastKnownFileType = sourcecode.swift; path = CTLightTheme.swift; sourceTree = "<group>"; };
		50066AF92D966BBB00757359 /* CTTheme.swift */ = {isa = PBXFileReference; lastKnownFileType = sourcecode.swift; path = CTTheme.swift; sourceTree = "<group>"; };
		50066AFA2D966BBB00757359 /* CTTheme+Default.swift */ = {isa = PBXFileReference; lastKnownFileType = sourcecode.swift; path = "CTTheme+Default.swift"; sourceTree = "<group>"; };
		50066AFB2D966BBB00757359 /* CTThemeBuilder.swift */ = {isa = PBXFileReference; lastKnownFileType = sourcecode.swift; path = CTThemeBuilder.swift; sourceTree = "<group>"; };
		50066AFC2D966BBB00757359 /* CTThemeManager.swift */ = {isa = PBXFileReference; lastKnownFileType = sourcecode.swift; path = CTThemeManager.swift; sourceTree = "<group>"; };
		50066AFF2D966BBB00757359 /* CTAnimations.swift */ = {isa = PBXFileReference; lastKnownFileType = sourcecode.swift; path = CTAnimations.swift; sourceTree = "<group>"; };
		50066B002D966BBB00757359 /* CTColors.swift */ = {isa = PBXFileReference; lastKnownFileType = sourcecode.swift; path = CTColors.swift; sourceTree = "<group>"; };
		50066B012D966BBB00757359 /* CTSpacing.swift */ = {isa = PBXFileReference; lastKnownFileType = sourcecode.swift; path = CTSpacing.swift; sourceTree = "<group>"; };
		50066B022D966BBB00757359 /* CTTypography.swift */ = {isa = PBXFileReference; lastKnownFileType = sourcecode.swift; path = CTTypography.swift; sourceTree = "<group>"; };
		50066B052D966BBB00757359 /* Color+Hex.swift */ = {isa = PBXFileReference; lastKnownFileType = sourcecode.swift; path = "Color+Hex.swift"; sourceTree = "<group>"; };
		50066B062D966BBB00757359 /* CTAccessibilityUtilities.swift */ = {isa = PBXFileReference; lastKnownFileType = sourcecode.swift; path = CTAccessibilityUtilities.swift; sourceTree = "<group>"; };
		50066B072D966BBB00757359 /* CTAnimationManager.swift */ = {isa = PBXFileReference; lastKnownFileType = sourcecode.swift; path = CTAnimationManager.swift; sourceTree = "<group>"; };
		50066B092D966BBB00757359 /* CodetwelveUI.swift */ = {isa = PBXFileReference; lastKnownFileType = sourcecode.swift; path = CodetwelveUI.swift; sourceTree = "<group>"; };
		50066BA12D966BCC00757359 /* Assets.xcassets */ = {isa = PBXFileReference; lastKnownFileType = folder.assetcatalog; path = Assets.xcassets; sourceTree = "<group>"; };
		50066BA22D966BCC00757359 /* CodeTwelveExamplesApp.swift */ = {isa = PBXFileReference; lastKnownFileType = sourcecode.swift; path = CodeTwelveExamplesApp.swift; sourceTree = "<group>"; };
		50066BA32D966BCC00757359 /* ComponentCatalog.swift */ = {isa = PBXFileReference; lastKnownFileType = sourcecode.swift; path = ComponentCatalog.swift; sourceTree = "<group>"; };
		50066BA42D966BCC00757359 /* ContentView.swift */ = {isa = PBXFileReference; lastKnownFileType = sourcecode.swift; path = ContentView.swift; sourceTree = "<group>"; };
		50066BA52D966BCC00757359 /* Info.plist */ = {isa = PBXFileReference; lastKnownFileType = text.plist.xml; path = Info.plist; sourceTree = "<group>"; };
		50066BA62D966BCC00757359 /* ThemeExplorer.swift */ = {isa = PBXFileReference; lastKnownFileType = sourcecode.swift; path = ThemeExplorer.swift; sourceTree = "<group>"; };
		50066BAF2D966BDB00757359 /* .gitkeep */ = {isa = PBXFileReference; lastKnownFileType = text; path = .gitkeep; sourceTree = "<group>"; };
		50066BB02D966BDB00757359 /* CTButtonAccessibilityTests.swift */ = {isa = PBXFileReference; lastKnownFileType = sourcecode.swift; path = CTButtonAccessibilityTests.swift; sourceTree = "<group>"; };
		50066BB12D966BDB00757359 /* CTCheckboxAccessibilityTests.swift */ = {isa = PBXFileReference; lastKnownFileType = sourcecode.swift; path = CTCheckboxAccessibilityTests.swift; sourceTree = "<group>"; };
		50066BB22D966BDB00757359 /* CTProgressAccessibilityTests.swift */ = {isa = PBXFileReference; lastKnownFileType = sourcecode.swift; path = CTProgressAccessibilityTests.swift; sourceTree = "<group>"; };
		50066BB32D966BDB00757359 /* CTRadioGroupAccessibilityTests.swift */ = {isa = PBXFileReference; lastKnownFileType = sourcecode.swift; path = CTRadioGroupAccessibilityTests.swift; sourceTree = "<group>"; };
		50066BB42D966BDB00757359 /* CTSliderAccessibilityTests.swift */ = {isa = PBXFileReference; lastKnownFileType = sourcecode.swift; path = CTSliderAccessibilityTests.swift; sourceTree = "<group>"; };
		50066BB52D966BDB00757359 /* CTTextFieldAccessibilityTests.swift */ = {isa = PBXFileReference; lastKnownFileType = sourcecode.swift; path = CTTextFieldAccessibilityTests.swift; sourceTree = "<group>"; };
		50066BB62D966BDB00757359 /* CTToggleAccessibilityTests.swift */ = {isa = PBXFileReference; lastKnownFileType = sourcecode.swift; path = CTToggleAccessibilityTests.swift; sourceTree = "<group>"; };
		50066BB82D966BDB00757359 /* CTAccordionTests.swift */ = {isa = PBXFileReference; lastKnownFileType = sourcecode.swift; path = CTAccordionTests.swift; sourceTree = "<group>"; };
		50066BB92D966BDB00757359 /* CTAlertDialogTests.swift */ = {isa = PBXFileReference; lastKnownFileType = sourcecode.swift; path = CTAlertDialogTests.swift; sourceTree = "<group>"; };
		50066BBA2D966BDB00757359 /* CTAlertTests.swift */ = {isa = PBXFileReference; lastKnownFileType = sourcecode.swift; path = CTAlertTests.swift; sourceTree = "<group>"; };
		50066BBB2D966BDB00757359 /* CTAspectRatioTests.swift */ = {isa = PBXFileReference; lastKnownFileType = sourcecode.swift; path = CTAspectRatioTests.swift; sourceTree = "<group>"; };
		50066BBC2D966BDB00757359 /* CTBottomSheetTests.swift */ = {isa = PBXFileReference; lastKnownFileType = sourcecode.swift; path = CTBottomSheetTests.swift; sourceTree = "<group>"; };
		50066BBD2D966BDB00757359 /* CTButtonTests.swift */ = {isa = PBXFileReference; lastKnownFileType = sourcecode.swift; path = CTButtonTests.swift; sourceTree = "<group>"; };
		50066BBE2D966BDB00757359 /* CTCardTests.swift */ = {isa = PBXFileReference; lastKnownFileType = sourcecode.swift; path = CTCardTests.swift; sourceTree = "<group>"; };
		50066BBF2D966BDB00757359 /* CTCarouselTests.swift */ = {isa = PBXFileReference; lastKnownFileType = sourcecode.swift; path = CTCarouselTests.swift; sourceTree = "<group>"; };
		50066BC02D966BDB00757359 /* CTCheckboxTests.swift */ = {isa = PBXFileReference; lastKnownFileType = sourcecode.swift; path = CTCheckboxTests.swift; sourceTree = "<group>"; };
		50066BC12D966BDB00757359 /* CTCommandPaletteTests.swift */ = {isa = PBXFileReference; lastKnownFileType = sourcecode.swift; path = CTCommandPaletteTests.swift; sourceTree = "<group>"; };
		50066BC22D966BDB00757359 /* CTContainerTests.swift */ = {isa = PBXFileReference; lastKnownFileType = sourcecode.swift; path = CTContainerTests.swift; sourceTree = "<group>"; };
		50066BC32D966BDB00757359 /* CTContextMenuTests.swift */ = {isa = PBXFileReference; lastKnownFileType = sourcecode.swift; path = CTContextMenuTests.swift; sourceTree = "<group>"; };
		50066BC42D966BDB00757359 /* CTDataTableTests.swift */ = {isa = PBXFileReference; lastKnownFileType = sourcecode.swift; path = CTDataTableTests.swift; sourceTree = "<group>"; };
		50066BC52D966BDB00757359 /* CTDatePickerTests.swift */ = {isa = PBXFileReference; lastKnownFileType = sourcecode.swift; path = CTDatePickerTests.swift; sourceTree = "<group>"; };
		50066BC62D966BDB00757359 /* CTDividerTests.swift */ = {isa = PBXFileReference; lastKnownFileType = sourcecode.swift; path = CTDividerTests.swift; sourceTree = "<group>"; };
		50066BC72D966BDB00757359 /* CTDropdownMenuTests.swift */ = {isa = PBXFileReference; lastKnownFileType = sourcecode.swift; path = CTDropdownMenuTests.swift; sourceTree = "<group>"; };
		50066BC82D966BDB00757359 /* CTGridTests.swift */ = {isa = PBXFileReference; lastKnownFileType = sourcecode.swift; path = CTGridTests.swift; sourceTree = "<group>"; };
		50066BC92D966BDB00757359 /* CTHamburgerMenuTests.swift */ = {isa = PBXFileReference; lastKnownFileType = sourcecode.swift; path = CTHamburgerMenuTests.swift; sourceTree = "<group>"; };
		50066BCA2D966BDB00757359 /* CTHoverCardTests.swift */ = {isa = PBXFileReference; lastKnownFileType = sourcecode.swift; path = CTHoverCardTests.swift; sourceTree = "<group>"; };
		50066BCB2D966BDB00757359 /* CTIconTests.swift */ = {isa = PBXFileReference; lastKnownFileType = sourcecode.swift; path = CTIconTests.swift; sourceTree = "<group>"; };
		50066BCC2D966BDB00757359 /* CTImageTests.swift */ = {isa = PBXFileReference; lastKnownFileType = sourcecode.swift; path = CTImageTests.swift; sourceTree = "<group>"; };
		50066BCD2D966BDB00757359 /* CTListTests.swift */ = {isa = PBXFileReference; lastKnownFileType = sourcecode.swift; path = CTListTests.swift; sourceTree = "<group>"; };
		50066BCE2D966BDB00757359 /* CTNavigationMenuTests.swift */ = {isa = PBXFileReference; lastKnownFileType = sourcecode.swift; path = CTNavigationMenuTests.swift; sourceTree = "<group>"; };
		50066BCF2D966BDB00757359 /* CTPaginationTests.swift */ = {isa = PBXFileReference; lastKnownFileType = sourcecode.swift; path = CTPaginationTests.swift; sourceTree = "<group>"; };
		50066BD02D966BDB00757359 /* CTPopoverTests.swift */ = {isa = PBXFileReference; lastKnownFileType = sourcecode.swift; path = CTPopoverTests.swift; sourceTree = "<group>"; };
		50066BD12D966BDB00757359 /* CTProgressTests.swift */ = {isa = PBXFileReference; lastKnownFileType = sourcecode.swift; path = CTProgressTests.swift; sourceTree = "<group>"; };
		50066BD22D966BDB00757359 /* CTRadioGroupTests.swift */ = {isa = PBXFileReference; lastKnownFileType = sourcecode.swift; path = CTRadioGroupTests.swift; sourceTree = "<group>"; };
		50066BD32D966BDB00757359 /* CTScrollAreaTests.swift */ = {isa = PBXFileReference; lastKnownFileType = sourcecode.swift; path = CTScrollAreaTests.swift; sourceTree = "<group>"; };
		50066BD42D966BDB00757359 /* CTSecureFieldTests.swift */ = {isa = PBXFileReference; lastKnownFileType = sourcecode.swift; path = CTSecureFieldTests.swift; sourceTree = "<group>"; };
		50066BD52D966BDB00757359 /* CTSelectTests.swift */ = {isa = PBXFileReference; lastKnownFileType = sourcecode.swift; path = CTSelectTests.swift; sourceTree = "<group>"; };
		50066BD62D966BDB00757359 /* CTSkeletonLoaderTests.swift */ = {isa = PBXFileReference; lastKnownFileType = sourcecode.swift; path = CTSkeletonLoaderTests.swift; sourceTree = "<group>"; };
		50066BD72D966BDB00757359 /* CTSliderTests.swift */ = {isa = PBXFileReference; lastKnownFileType = sourcecode.swift; path = CTSliderTests.swift; sourceTree = "<group>"; };
		50066BD82D966BDB00757359 /* CTStackTests.swift */ = {isa = PBXFileReference; lastKnownFileType = sourcecode.swift; path = CTStackTests.swift; sourceTree = "<group>"; };
		50066BD92D966BDB00757359 /* CTTabBarTests.swift */ = {isa = PBXFileReference; lastKnownFileType = sourcecode.swift; path = CTTabBarTests.swift; sourceTree = "<group>"; };
		50066BDA2D966BDB00757359 /* CTTableTests.swift */ = {isa = PBXFileReference; lastKnownFileType = sourcecode.swift; path = CTTableTests.swift; sourceTree = "<group>"; };
		50066BDB2D966BDB00757359 /* CTTagTests.swift */ = {isa = PBXFileReference; lastKnownFileType = sourcecode.swift; path = CTTagTests.swift; sourceTree = "<group>"; };
		50066BDC2D966BDB00757359 /* CTTextAreaTests.swift */ = {isa = PBXFileReference; lastKnownFileType = sourcecode.swift; path = CTTextAreaTests.swift; sourceTree = "<group>"; };
		50066BDD2D966BDB00757359 /* CTTextFieldTests.swift */ = {isa = PBXFileReference; lastKnownFileType = sourcecode.swift; path = CTTextFieldTests.swift; sourceTree = "<group>"; };
		50066BDE2D966BDB00757359 /* CTTextTests.swift */ = {isa = PBXFileReference; lastKnownFileType = sourcecode.swift; path = CTTextTests.swift; sourceTree = "<group>"; };
		50066BDF2D966BDB00757359 /* CTToastTests.swift */ = {isa = PBXFileReference; lastKnownFileType = sourcecode.swift; path = CTToastTests.swift; sourceTree = "<group>"; };
		50066BE02D966BDB00757359 /* CTToggleTests.swift */ = {isa = PBXFileReference; lastKnownFileType = sourcecode.swift; path = CTToggleTests.swift; sourceTree = "<group>"; };
		50066BE12D966BDB00757359 /* CTVideoTests.swift */ = {isa = PBXFileReference; lastKnownFileType = sourcecode.swift; path = CTVideoTests.swift; sourceTree = "<group>"; };
		50066BE32D966BDB00757359 /* .gitkeep */ = {isa = PBXFileReference; lastKnownFileType = text; path = .gitkeep; sourceTree = "<group>"; };
		50066BE42D966BDB00757359 /* CTFormIntegrationTests.swift */ = {isa = PBXFileReference; lastKnownFileType = sourcecode.swift; path = CTFormIntegrationTests.swift; sourceTree = "<group>"; };
		50066BE52D966BDB00757359 /* CTNavigationIntegrationTests.swift */ = {isa = PBXFileReference; lastKnownFileType = sourcecode.swift; path = CTNavigationIntegrationTests.swift; sourceTree = "<group>"; };
		50066BE72D966BDB00757359 /* .gitkeep */ = {isa = PBXFileReference; lastKnownFileType = text; path = .gitkeep; sourceTree = "<group>"; };
		50066BE92D966BDB00757359 /* .gitkeep */ = {isa = PBXFileReference; lastKnownFileType = text; path = .gitkeep; sourceTree = "<group>"; };
		50066C262D967E3F00757359 /* ButtonExamples.swift */ = {isa = PBXFileReference; lastKnownFileType = sourcecode.swift; path = ButtonExamples.swift; sourceTree = "<group>"; };
		50066C272D967E3F00757359 /* DividerExamples.swift */ = {isa = PBXFileReference; lastKnownFileType = sourcecode.swift; path = DividerExamples.swift; sourceTree = "<group>"; };
		50066C282D967E3F00757359 /* IconExamples.swift */ = {isa = PBXFileReference; lastKnownFileType = sourcecode.swift; path = IconExamples.swift; sourceTree = "<group>"; };
		50066C292D967E3F00757359 /* TextExamples.swift */ = {isa = PBXFileReference; lastKnownFileType = sourcecode.swift; path = TextExamples.swift; sourceTree = "<group>"; };
		C4068C39461A7FB5386762DD /* CodeTwelveExamples.app */ = {isa = PBXFileReference; explicitFileType = wrapper.application; includeInIndex = 0; path = CodeTwelveExamples.app; sourceTree = BUILT_PRODUCTS_DIR; };
		E7C9F5E80C71DF7A393812B4 /* CodetwelveUITests.xctest */ = {isa = PBXFileReference; explicitFileType = wrapper.cfbundle; includeInIndex = 0; path = CodetwelveUITests.xctest; sourceTree = BUILT_PRODUCTS_DIR; };
		F295CA8ED85DB00ED081A2D0 /* CodetwelveUI.framework */ = {isa = PBXFileReference; explicitFileType = wrapper.framework; includeInIndex = 0; path = CodetwelveUI.framework; sourceTree = BUILT_PRODUCTS_DIR; };
/* End PBXFileReference section */

/* Begin PBXFrameworksBuildPhase section */
		5726CDDC15E64B51CB9E78E3 /* Frameworks */ = {
			isa = PBXFrameworksBuildPhase;
			buildActionMask = 2147483647;
			files = (
				1896226329F02C193A217171 /* CodetwelveUI.framework in Frameworks */,
			);
			runOnlyForDeploymentPostprocessing = 0;
		};
		83084946B3C5C1B0C4637CD5 /* Frameworks */ = {
			isa = PBXFrameworksBuildPhase;
			buildActionMask = 2147483647;
			files = (
				50066C212D966C2600757359 /* CodetwelveUI.framework in Frameworks */,
			);
			runOnlyForDeploymentPostprocessing = 0;
		};
/* End PBXFrameworksBuildPhase section */

/* Begin PBXGroup section */
		50066AB02D966BBB00757359 /* Basic */ = {
			isa = PBXGroup;
			children = (
				50066AAB2D966BBB00757359 /* CTAvatar.swift */,
				50066AAC2D966BBB00757359 /* CTButton.swift */,
				50066AAD2D966BBB00757359 /* CTDivider.swift */,
				50066AAE2D966BBB00757359 /* CTIcon.swift */,
				50066AAF2D966BBB00757359 /* CTText.swift */,
			);
			path = Basic;
			sourceTree = "<group>";
		};
		50066AB22D966BBB00757359 /* Button */ = {
			isa = PBXGroup;
			children = (
			);
			path = Button;
			sourceTree = "<group>";
		};
		50066ABB2D966BBB00757359 /* Data */ = {
			isa = PBXGroup;
			children = (
				50066AB42D966BBB00757359 /* CTContextMenu.swift */,
				50066AB52D966BBB00757359 /* CTDataTable.swift */,
				50066AB62D966BBB00757359 /* CTDropdownMenu.swift */,
				50066AB72D966BBB00757359 /* CTHoverCard.swift */,
				50066AB82D966BBB00757359 /* CTList.swift */,
				50066AB92D966BBB00757359 /* CTTable.swift */,
				50066ABA2D966BBB00757359 /* CTTag.swift */,
			);
			path = Data;
			sourceTree = "<group>";
		};
		50066AC22D966BBB00757359 /* Feedback */ = {
			isa = PBXGroup;
			children = (
				50066ABD2D966BBB00757359 /* CTAlert.swift */,
				50066ABE2D966BBB00757359 /* CTAlertDialog.swift */,
				50066ABF2D966BBB00757359 /* CTProgress.swift */,
				50066AC02D966BBB00757359 /* CTSkeletonLoader.swift */,
				50066AC12D966BBB00757359 /* CTToast.swift */,
			);
			path = Feedback;
			sourceTree = "<group>";
		};
		50066ACC2D966BBB00757359 /* Forms */ = {
			isa = PBXGroup;
			children = (
				50066AC32D966BBB00757359 /* CTCheckbox.swift */,
				50066AC42D966BBB00757359 /* CTDatePicker.swift */,
				50066AC52D966BBB00757359 /* CTRadioGroup.swift */,
				50066AC62D966BBB00757359 /* CTSecureField.swift */,
				50066AC72D966BBB00757359 /* CTSelect.swift */,
				50066AC82D966BBB00757359 /* CTSlider.swift */,
				50066AC92D966BBB00757359 /* CTTextArea.swift */,
				50066ACA2D966BBB00757359 /* CTTextField.swift */,
				50066ACB2D966BBB00757359 /* CTToggle.swift */,
			);
			path = Forms;
			sourceTree = "<group>";
		};
		50066AD52D966BBB00757359 /* Layout */ = {
			isa = PBXGroup;
			children = (
				50066ACE2D966BBB00757359 /* CTAccordion.swift */,
				50066ACF2D966BBB00757359 /* CTAspectRatio.swift */,
				50066AD02D966BBB00757359 /* CTCard.swift */,
				50066AD12D966BBB00757359 /* CTContainer.swift */,
				50066AD22D966BBB00757359 /* CTGrid.swift */,
				50066AD32D966BBB00757359 /* CTScrollArea.swift */,
				50066AD42D966BBB00757359 /* CTStack.swift */,
			);
			path = Layout;
			sourceTree = "<group>";
		};
		50066ADA2D966BBB00757359 /* Media */ = {
			isa = PBXGroup;
			children = (
				50066AD72D966BBB00757359 /* CTCarousel.swift */,
				50066AD82D966BBB00757359 /* CTImage.swift */,
				50066AD92D966BBB00757359 /* CTVideo.swift */,
			);
			path = Media;
			sourceTree = "<group>";
		};
		50066AE42D966BBB00757359 /* Navigation */ = {
			isa = PBXGroup;
			children = (
				50066ADC2D966BBB00757359 /* CTBottomSheet.swift */,
				50066ADD2D966BBB00757359 /* CTCommandPalette.swift */,
				50066ADE2D966BBB00757359 /* CTDrawer.swift */,
				50066ADF2D966BBB00757359 /* CTHamburgerMenu.swift */,
				50066AE02D966BBB00757359 /* CTNavigationMenu.swift */,
				50066AE12D966BBB00757359 /* CTPagination.swift */,
				50066AE22D966BBB00757359 /* CTPopover.swift */,
				50066AE32D966BBB00757359 /* CTTabBar.swift */,
			);
			path = Navigation;
			sourceTree = "<group>";
		};
		50066AE52D966BBB00757359 /* Components */ = {
			isa = PBXGroup;
			children = (
				50066AB02D966BBB00757359 /* Basic */,
				50066AB22D966BBB00757359 /* Button */,
				50066ABB2D966BBB00757359 /* Data */,
				50066AC22D966BBB00757359 /* Feedback */,
				50066ACC2D966BBB00757359 /* Forms */,
				50066AD52D966BBB00757359 /* Layout */,
				50066ADA2D966BBB00757359 /* Media */,
				50066AE42D966BBB00757359 /* Navigation */,
			);
			path = Components;
			sourceTree = "<group>";
		};
		50066AEF2D966BBB00757359 /* Extensions */ = {
			isa = PBXGroup;
			children = (
				50066AE72D966BBB00757359 /* CTDeviceUtilities.swift */,
				50066AE82D966BBB00757359 /* CTLayoutUtilities.swift */,
				50066AE92D966BBB00757359 /* View+Accessibility.swift */,
				50066AEA2D966BBB00757359 /* View+Animation.swift */,
				50066AEB2D966BBB00757359 /* View+Conditional.swift */,
				50066AEC2D966BBB00757359 /* View+Shadow.swift */,
				50066AED2D966BBB00757359 /* View+Theme.swift */,
				50066AEE2D966BBB00757359 /* View+Typography.swift */,
			);
			path = Extensions;
			sourceTree = "<group>";
		};
		50066AF12D966BBB00757359 /* Hooks */ = {
			isa = PBXGroup;
			children = (
			);
			path = Hooks;
			sourceTree = "<group>";
		};
		50066AF42D966BBB00757359 /* Resources */ = {
			isa = PBXGroup;
			children = (
				50066AF32D966BBB00757359 /* Colors.xcassets */,
			);
			path = Resources;
			sourceTree = "<group>";
		};
		50066AFD2D966BBB00757359 /* Themes */ = {
			isa = PBXGroup;
			children = (
				50066AF62D966BBB00757359 /* CTDarkTheme.swift */,
				50066AF72D966BBB00757359 /* CTDefaultTheme.swift */,
				50066AF82D966BBB00757359 /* CTLightTheme.swift */,
				50066AF92D966BBB00757359 /* CTTheme.swift */,
				50066AFA2D966BBB00757359 /* CTTheme+Default.swift */,
				50066AFB2D966BBB00757359 /* CTThemeBuilder.swift */,
				50066AFC2D966BBB00757359 /* CTThemeManager.swift */,
			);
			path = Themes;
			sourceTree = "<group>";
		};
		50066B032D966BBB00757359 /* Tokens */ = {
			isa = PBXGroup;
			children = (
				50066AFF2D966BBB00757359 /* CTAnimations.swift */,
				50066B002D966BBB00757359 /* CTColors.swift */,
				50066B012D966BBB00757359 /* CTSpacing.swift */,
				50066B022D966BBB00757359 /* CTTypography.swift */,
			);
			path = Tokens;
			sourceTree = "<group>";
		};
		50066B082D966BBB00757359 /* Utilities */ = {
			isa = PBXGroup;
			children = (
				50066B052D966BBB00757359 /* Color+Hex.swift */,
				50066B062D966BBB00757359 /* CTAccessibilityUtilities.swift */,
				50066B072D966BBB00757359 /* CTAnimationManager.swift */,
			);
			path = Utilities;
			sourceTree = "<group>";
		};
		50066B0A2D966BBB00757359 /* CodetwelveUI */ = {
			isa = PBXGroup;
			children = (
				50066AE52D966BBB00757359 /* Components */,
				50066AEF2D966BBB00757359 /* Extensions */,
				50066AF12D966BBB00757359 /* Hooks */,
				50066AF42D966BBB00757359 /* Resources */,
				50066AFD2D966BBB00757359 /* Themes */,
				50066B032D966BBB00757359 /* Tokens */,
				50066B082D966BBB00757359 /* Utilities */,
				50066B092D966BBB00757359 /* CodetwelveUI.swift */,
			);
			path = CodetwelveUI;
			sourceTree = "<group>";
		};
		50066B0B2D966BBB00757359 /* Sources */ = {
			isa = PBXGroup;
			children = (
				50066B0A2D966BBB00757359 /* CodetwelveUI */,
			);
			path = Sources;
			sourceTree = "<group>";
		};
		50066BA72D966BCC00757359 /* CodeTwelveExamples */ = {
			isa = PBXGroup;
			children = (
				50066C2A2D967E3F00757359 /* Examples */,
				50066BA12D966BCC00757359 /* Assets.xcassets */,
				50066BA22D966BCC00757359 /* CodeTwelveExamplesApp.swift */,
				50066BA32D966BCC00757359 /* ComponentCatalog.swift */,
				50066BA42D966BCC00757359 /* ContentView.swift */,
				50066BA52D966BCC00757359 /* Info.plist */,
				50066BA62D966BCC00757359 /* ThemeExplorer.swift */,
			);
			path = CodeTwelveExamples;
			sourceTree = "<group>";
		};
		50066BA82D966BCC00757359 /* Examples */ = {
			isa = PBXGroup;
			children = (
				50066BA72D966BCC00757359 /* CodeTwelveExamples */,
			);
			path = Examples;
			sourceTree = "<group>";
		};
		50066BB72D966BDB00757359 /* AccessibilityTests */ = {
			isa = PBXGroup;
			children = (
				50066BAF2D966BDB00757359 /* .gitkeep */,
				50066BB02D966BDB00757359 /* CTButtonAccessibilityTests.swift */,
				50066BB12D966BDB00757359 /* CTCheckboxAccessibilityTests.swift */,
				50066BB22D966BDB00757359 /* CTProgressAccessibilityTests.swift */,
				50066BB32D966BDB00757359 /* CTRadioGroupAccessibilityTests.swift */,
				50066BB42D966BDB00757359 /* CTSliderAccessibilityTests.swift */,
				50066BB52D966BDB00757359 /* CTTextFieldAccessibilityTests.swift */,
				50066BB62D966BDB00757359 /* CTToggleAccessibilityTests.swift */,
			);
			path = AccessibilityTests;
			sourceTree = "<group>";
		};
		50066BE22D966BDB00757359 /* ComponentTests */ = {
			isa = PBXGroup;
			children = (
				50066BB82D966BDB00757359 /* CTAccordionTests.swift */,
				50066BB92D966BDB00757359 /* CTAlertDialogTests.swift */,
				50066BBA2D966BDB00757359 /* CTAlertTests.swift */,
				50066BBB2D966BDB00757359 /* CTAspectRatioTests.swift */,
				50066BBC2D966BDB00757359 /* CTBottomSheetTests.swift */,
				50066BBD2D966BDB00757359 /* CTButtonTests.swift */,
				50066BBE2D966BDB00757359 /* CTCardTests.swift */,
				50066BBF2D966BDB00757359 /* CTCarouselTests.swift */,
				50066BC02D966BDB00757359 /* CTCheckboxTests.swift */,
				50066BC12D966BDB00757359 /* CTCommandPaletteTests.swift */,
				50066BC22D966BDB00757359 /* CTContainerTests.swift */,
				50066BC32D966BDB00757359 /* CTContextMenuTests.swift */,
				50066BC42D966BDB00757359 /* CTDataTableTests.swift */,
				50066BC52D966BDB00757359 /* CTDatePickerTests.swift */,
				50066BC62D966BDB00757359 /* CTDividerTests.swift */,
				50066BC72D966BDB00757359 /* CTDropdownMenuTests.swift */,
				50066BC82D966BDB00757359 /* CTGridTests.swift */,
				50066BC92D966BDB00757359 /* CTHamburgerMenuTests.swift */,
				50066BCA2D966BDB00757359 /* CTHoverCardTests.swift */,
				50066BCB2D966BDB00757359 /* CTIconTests.swift */,
				50066BCC2D966BDB00757359 /* CTImageTests.swift */,
				50066BCD2D966BDB00757359 /* CTListTests.swift */,
				50066BCE2D966BDB00757359 /* CTNavigationMenuTests.swift */,
				50066BCF2D966BDB00757359 /* CTPaginationTests.swift */,
				50066BD02D966BDB00757359 /* CTPopoverTests.swift */,
				50066BD12D966BDB00757359 /* CTProgressTests.swift */,
				50066BD22D966BDB00757359 /* CTRadioGroupTests.swift */,
				50066BD32D966BDB00757359 /* CTScrollAreaTests.swift */,
				50066BD42D966BDB00757359 /* CTSecureFieldTests.swift */,
				50066BD52D966BDB00757359 /* CTSelectTests.swift */,
				50066BD62D966BDB00757359 /* CTSkeletonLoaderTests.swift */,
				50066BD72D966BDB00757359 /* CTSliderTests.swift */,
				50066BD82D966BDB00757359 /* CTStackTests.swift */,
				50066BD92D966BDB00757359 /* CTTabBarTests.swift */,
				50066BDA2D966BDB00757359 /* CTTableTests.swift */,
				50066BDB2D966BDB00757359 /* CTTagTests.swift */,
				50066BDC2D966BDB00757359 /* CTTextAreaTests.swift */,
				50066BDD2D966BDB00757359 /* CTTextFieldTests.swift */,
				50066BDE2D966BDB00757359 /* CTTextTests.swift */,
				50066BDF2D966BDB00757359 /* CTToastTests.swift */,
				50066BE02D966BDB00757359 /* CTToggleTests.swift */,
				50066BE12D966BDB00757359 /* CTVideoTests.swift */,
			);
			path = ComponentTests;
			sourceTree = "<group>";
		};
		50066BE62D966BDB00757359 /* IntegrationTests */ = {
			isa = PBXGroup;
			children = (
				50066BE32D966BDB00757359 /* .gitkeep */,
				50066BE42D966BDB00757359 /* CTFormIntegrationTests.swift */,
				50066BE52D966BDB00757359 /* CTNavigationIntegrationTests.swift */,
			);
			path = IntegrationTests;
			sourceTree = "<group>";
		};
		50066BE82D966BDB00757359 /* ThemeTests */ = {
			isa = PBXGroup;
			children = (
				50066BE72D966BDB00757359 /* .gitkeep */,
			);
			path = ThemeTests;
			sourceTree = "<group>";
		};
		50066BEA2D966BDB00757359 /* UtilityTests */ = {
			isa = PBXGroup;
			children = (
				50066BE92D966BDB00757359 /* .gitkeep */,
			);
			path = UtilityTests;
			sourceTree = "<group>";
		};
		50066BEB2D966BDB00757359 /* CodetwelveUITests */ = {
			isa = PBXGroup;
			children = (
				50066BB72D966BDB00757359 /* AccessibilityTests */,
				50066BE22D966BDB00757359 /* ComponentTests */,
				50066BE62D966BDB00757359 /* IntegrationTests */,
				50066BE82D966BDB00757359 /* ThemeTests */,
				50066BEA2D966BDB00757359 /* UtilityTests */,
			);
			path = CodetwelveUITests;
			sourceTree = "<group>";
		};
		50066BEC2D966BDB00757359 /* Tests */ = {
			isa = PBXGroup;
			children = (
				50066BEB2D966BDB00757359 /* CodetwelveUITests */,
			);
			path = Tests;
			sourceTree = "<group>";
		};
		50066C202D966C2600757359 /* Frameworks */ = {
			isa = PBXGroup;
			children = (
			);
			name = Frameworks;
			sourceTree = "<group>";
		};
		50066C2A2D967E3F00757359 /* Examples */ = {
			isa = PBXGroup;
			children = (
				50066C262D967E3F00757359 /* ButtonExamples.swift */,
				50066C272D967E3F00757359 /* DividerExamples.swift */,
				50066C282D967E3F00757359 /* IconExamples.swift */,
				50066C292D967E3F00757359 /* TextExamples.swift */,
			);
			path = Examples;
			sourceTree = "<group>";
		};
		9C5D24453033C2714181874D = {
			isa = PBXGroup;
			children = (
				50066BEC2D966BDB00757359 /* Tests */,
				50066BA82D966BCC00757359 /* Examples */,
				50066B0B2D966BBB00757359 /* Sources */,
				ADF5A291A3676CB890C77A90 /* Products */,
				50066C202D966C2600757359 /* Frameworks */,
			);
			sourceTree = "<group>";
		};
		ADF5A291A3676CB890C77A90 /* Products */ = {
			isa = PBXGroup;
			children = (
				4658D568AE3DF84B5958100F /* CodeTwelve-iOS-UIKit.app */,
				C4068C39461A7FB5386762DD /* CodeTwelveExamples.app */,
				F295CA8ED85DB00ED081A2D0 /* CodetwelveUI.framework */,
				E7C9F5E80C71DF7A393812B4 /* CodetwelveUITests.xctest */,
			);
			name = Products;
			sourceTree = "<group>";
		};
/* End PBXGroup section */

/* Begin PBXNativeTarget section */
		12A092EC45AB4165B3C7EFAF /* CodeTwelveExamples */ = {
			isa = PBXNativeTarget;
			buildConfigurationList = 60636F250319F4AE91C12957 /* Build configuration list for PBXNativeTarget "CodeTwelveExamples" */;
			buildPhases = (
				88271BF42ED6D58166CD92C4 /* Sources */,
				636F6066FB74FC03D91C18B5 /* Resources */,
				83084946B3C5C1B0C4637CD5 /* Frameworks */,
				50066C252D966C2600757359 /* Embed Frameworks */,
			);
			buildRules = (
			);
			dependencies = (
				50066C242D966C2600757359 /* PBXTargetDependency */,
			);
			name = CodeTwelveExamples;
			productName = CodeTwelveExamples;
			productReference = C4068C39461A7FB5386762DD /* CodeTwelveExamples.app */;
			productType = "com.apple.product-type.application";
		};
		68C91D5FC376190D2412FB9D /* CodeTwelve-iOS-UIKit */ = {
			isa = PBXNativeTarget;
			buildConfigurationList = 9B47CAB38563A9318EB9CBEB /* Build configuration list for PBXNativeTarget "CodeTwelve-iOS-UIKit" */;
			buildPhases = (
				1DEA34C124F4616D8CADF068 /* Sources */,
				52BAEF67F7D17AC42CFD796C /* Resources */,
			);
			buildRules = (
			);
			dependencies = (
			);
			name = "CodeTwelve-iOS-UIKit";
			productName = "CodeTwelve-iOS-UIKit";
			productReference = 4658D568AE3DF84B5958100F /* CodeTwelve-iOS-UIKit.app */;
			productType = "com.apple.product-type.application";
		};
		7D914220CE7A112555E39ED9 /* CodetwelveUI */ = {
			isa = PBXNativeTarget;
			buildConfigurationList = 86E50BD7B7F2320246DCBCF2 /* Build configuration list for PBXNativeTarget "CodetwelveUI" */;
			buildPhases = (
				12ABB30C1571945A7C632D0E /* Sources */,
				EFA58BABBE9F6BC15E4FDD3B /* Resources */,
			);
			buildRules = (
			);
			dependencies = (
			);
			name = CodetwelveUI;
			productName = CodetwelveUI;
			productReference = F295CA8ED85DB00ED081A2D0 /* CodetwelveUI.framework */;
			productType = "com.apple.product-type.framework";
		};
		865FD8B5B712E3ED9ED17D92 /* CodetwelveUITests */ = {
			isa = PBXNativeTarget;
			buildConfigurationList = 923EBAAD13C5F70868631FE8 /* Build configuration list for PBXNativeTarget "CodetwelveUITests" */;
			buildPhases = (
				856B2AF23C2BCCF89C453B42 /* Sources */,
				5726CDDC15E64B51CB9E78E3 /* Frameworks */,
				D663552F810E9F6F9E4CCD5E /* Embed Frameworks */,
			);
			buildRules = (
			);
			dependencies = (
				D7BCF8EA9873B879C7A22D2D /* PBXTargetDependency */,
			);
			name = CodetwelveUITests;
			productName = CodetwelveUITests;
			productReference = E7C9F5E80C71DF7A393812B4 /* CodetwelveUITests.xctest */;
			productType = "com.apple.product-type.bundle.unit-test";
		};
/* End PBXNativeTarget section */

/* Begin PBXProject section */
		CE6E9C24ED774C7EE68C6EFC /* Project object */ = {
			isa = PBXProject;
			attributes = {
				BuildIndependentTargetsInParallel = YES;
				LastUpgradeCheck = 1430;
			};
			buildConfigurationList = 6FF13004B0A6A08777985D37 /* Build configuration list for PBXProject "CodeTwelve-iOS-UIKit" */;
			compatibilityVersion = "Xcode 14.0";
			developmentRegion = en;
			hasScannedForEncodings = 0;
			knownRegions = (
				Base,
				en,
			);
			mainGroup = 9C5D24453033C2714181874D;
			projectDirPath = "";
			projectRoot = "";
			targets = (
				68C91D5FC376190D2412FB9D /* CodeTwelve-iOS-UIKit */,
				12A092EC45AB4165B3C7EFAF /* CodeTwelveExamples */,
				7D914220CE7A112555E39ED9 /* CodetwelveUI */,
				865FD8B5B712E3ED9ED17D92 /* CodetwelveUITests */,
			);
		};
/* End PBXProject section */

/* Begin PBXResourcesBuildPhase section */
		52BAEF67F7D17AC42CFD796C /* Resources */ = {
			isa = PBXResourcesBuildPhase;
			buildActionMask = 2147483647;
			files = (
			);
			runOnlyForDeploymentPostprocessing = 0;
		};
		636F6066FB74FC03D91C18B5 /* Resources */ = {
			isa = PBXResourcesBuildPhase;
			buildActionMask = 2147483647;
			files = (
				50066BAD2D966BCC00757359 /* Assets.xcassets in Resources */,
				50066BAE2D966BCC00757359 /* Info.plist in Resources */,
			);
			runOnlyForDeploymentPostprocessing = 0;
		};
		EFA58BABBE9F6BC15E4FDD3B /* Resources */ = {
			isa = PBXResourcesBuildPhase;
			buildActionMask = 2147483647;
			files = (
				50066B9B2D966BBB00757359 /* Colors.xcassets in Resources */,
			);
			runOnlyForDeploymentPostprocessing = 0;
		};
/* End PBXResourcesBuildPhase section */

/* Begin PBXSourcesBuildPhase section */
		12ABB30C1571945A7C632D0E /* Sources */ = {
			isa = PBXSourcesBuildPhase;
			buildActionMask = 2147483647;
			files = (
				50066B502D966BBB00757359 /* CTDatePicker.swift in Sources */,
				50066B512D966BBB00757359 /* CTScrollArea.swift in Sources */,
				50066B532D966BBB00757359 /* Color+Hex.swift in Sources */,
				50066B542D966BBB00757359 /* View+Accessibility.swift in Sources */,
				50066B552D966BBB00757359 /* CTAlertDialog.swift in Sources */,
				50066B562D966BBB00757359 /* CTToggle.swift in Sources */,
				50066B572D966BBB00757359 /* View+Typography.swift in Sources */,
				50066B582D966BBB00757359 /* CTDrawer.swift in Sources */,
				50066B592D966BBB00757359 /* CTSecureField.swift in Sources */,
				50066B5A2D966BBB00757359 /* CTTag.swift in Sources */,
				50066B5B2D966BBB00757359 /* CTContextMenu.swift in Sources */,
				50066B5C2D966BBB00757359 /* CTCarousel.swift in Sources */,
				50066B5D2D966BBB00757359 /* CTLightTheme.swift in Sources */,
				50066B5E2D966BBB00757359 /* CTPopover.swift in Sources */,
				50066B5F2D966BBB00757359 /* CTIcon.swift in Sources */,
				50066B602D966BBB00757359 /* CTGrid.swift in Sources */,
				50066B612D966BBB00757359 /* CTHoverCard.swift in Sources */,
				50066B622D966BBB00757359 /* CTCard.swift in Sources */,
				50066B632D966BBB00757359 /* CTAccordion.swift in Sources */,
				50066B642D966BBB00757359 /* CTBottomSheet.swift in Sources */,
				50066B652D966BBB00757359 /* CTDataTable.swift in Sources */,
				50066B662D966BBB00757359 /* CTRadioGroup.swift in Sources */,
				50066B672D966BBB00757359 /* CTText.swift in Sources */,
				50066B682D966BBB00757359 /* CTSkeletonLoader.swift in Sources */,
				50066B692D966BBB00757359 /* CTToast.swift in Sources */,
				50066B6A2D966BBB00757359 /* CTTypography.swift in Sources */,
				50066B6B2D966BBB00757359 /* CTAnimationManager.swift in Sources */,
				50066B6C2D966BBB00757359 /* CTLayoutUtilities.swift in Sources */,
				50066B6D2D966BBB00757359 /* CTProgress.swift in Sources */,
				50066B6E2D966BBB00757359 /* CodetwelveUI.swift in Sources */,
				50066B6F2D966BBB00757359 /* CTNavigationMenu.swift in Sources */,
				50066B702D966BBB00757359 /* CTSelect.swift in Sources */,
				50066B712D966BBB00757359 /* CTPagination.swift in Sources */,
				50066B722D966BBB00757359 /* CTSpacing.swift in Sources */,
				50066B732D966BBB00757359 /* CTTabBar.swift in Sources */,
				50066B742D966BBB00757359 /* CTAccessibilityUtilities.swift in Sources */,
				50066B752D966BBB00757359 /* CTTheme+Default.swift in Sources */,
				50066B762D966BBB00757359 /* CTVideo.swift in Sources */,
				50066B772D966BBB00757359 /* CTTextArea.swift in Sources */,
				50066B782D966BBB00757359 /* View+Animation.swift in Sources */,
				50066B792D966BBB00757359 /* CTDropdownMenu.swift in Sources */,
				50066B7A2D966BBB00757359 /* CTDivider.swift in Sources */,
				50066B7B2D966BBB00757359 /* CTThemeBuilder.swift in Sources */,
				50066B7C2D966BBB00757359 /* CTContainer.swift in Sources */,
				50066B7D2D966BBB00757359 /* CTList.swift in Sources */,
				50066B7E2D966BBB00757359 /* CTColors.swift in Sources */,
				50066B7F2D966BBB00757359 /* CTDarkTheme.swift in Sources */,
				50066B802D966BBB00757359 /* CTButton.swift in Sources */,
				50066B812D966BBB00757359 /* CTThemeManager.swift in Sources */,
				50066B822D966BBB00757359 /* CTDeviceUtilities.swift in Sources */,
				50066B832D966BBB00757359 /* CTStack.swift in Sources */,
				50066B842D966BBB00757359 /* View+Conditional.swift in Sources */,
				50066B852D966BBB00757359 /* CTDefaultTheme.swift in Sources */,
				50066B862D966BBB00757359 /* CTAspectRatio.swift in Sources */,
				50066B872D966BBB00757359 /* CTSlider.swift in Sources */,
				50066B882D966BBB00757359 /* View+Shadow.swift in Sources */,
				50066B892D966BBB00757359 /* CTImage.swift in Sources */,
				50066B8A2D966BBB00757359 /* CTHamburgerMenu.swift in Sources */,
				50066B8B2D966BBB00757359 /* View+Theme.swift in Sources */,
				50066B8C2D966BBB00757359 /* CTAvatar.swift in Sources */,
				50066B8D2D966BBB00757359 /* CTTextField.swift in Sources */,
				50066B8E2D966BBB00757359 /* CTAnimations.swift in Sources */,
				50066B8F2D966BBB00757359 /* CTTheme.swift in Sources */,
				50066B902D966BBB00757359 /* CTAlert.swift in Sources */,
				50066B912D966BBB00757359 /* CTCommandPalette.swift in Sources */,
				50066B922D966BBB00757359 /* CTCheckbox.swift in Sources */,
				50066B932D966BBB00757359 /* CTTable.swift in Sources */,
			);
			runOnlyForDeploymentPostprocessing = 0;
		};
		1DEA34C124F4616D8CADF068 /* Sources */ = {
			isa = PBXSourcesBuildPhase;
			buildActionMask = 2147483647;
			files = (
			);
			runOnlyForDeploymentPostprocessing = 0;
		};
		856B2AF23C2BCCF89C453B42 /* Sources */ = {
			isa = PBXSourcesBuildPhase;
			buildActionMask = 2147483647;
			files = (
				50066B0C2D966BBB00757359 /* CTDatePicker.swift in Sources */,
				50066B0D2D966BBB00757359 /* CTScrollArea.swift in Sources */,
				50066B0F2D966BBB00757359 /* Color+Hex.swift in Sources */,
				50066B102D966BBB00757359 /* View+Accessibility.swift in Sources */,
				50066B112D966BBB00757359 /* CTAlertDialog.swift in Sources */,
				50066B122D966BBB00757359 /* CTToggle.swift in Sources */,
				50066B132D966BBB00757359 /* View+Typography.swift in Sources */,
				50066B142D966BBB00757359 /* CTDrawer.swift in Sources */,
				50066B152D966BBB00757359 /* CTSecureField.swift in Sources */,
				50066B162D966BBB00757359 /* CTTag.swift in Sources */,
				50066B172D966BBB00757359 /* CTContextMenu.swift in Sources */,
				50066B182D966BBB00757359 /* CTCarousel.swift in Sources */,
				50066B192D966BBB00757359 /* CTLightTheme.swift in Sources */,
				50066B1A2D966BBB00757359 /* CTPopover.swift in Sources */,
				50066B1B2D966BBB00757359 /* CTIcon.swift in Sources */,
				50066B1C2D966BBB00757359 /* CTGrid.swift in Sources */,
				50066B1D2D966BBB00757359 /* CTHoverCard.swift in Sources */,
				50066B1E2D966BBB00757359 /* CTCard.swift in Sources */,
				50066B1F2D966BBB00757359 /* CTAccordion.swift in Sources */,
				50066B202D966BBB00757359 /* CTBottomSheet.swift in Sources */,
				50066B212D966BBB00757359 /* CTDataTable.swift in Sources */,
				50066B222D966BBB00757359 /* CTRadioGroup.swift in Sources */,
				50066B232D966BBB00757359 /* CTText.swift in Sources */,
				50066B242D966BBB00757359 /* CTSkeletonLoader.swift in Sources */,
				50066B252D966BBB00757359 /* CTToast.swift in Sources */,
				50066B262D966BBB00757359 /* CTTypography.swift in Sources */,
				50066B272D966BBB00757359 /* CTAnimationManager.swift in Sources */,
				50066B282D966BBB00757359 /* CTLayoutUtilities.swift in Sources */,
				50066B292D966BBB00757359 /* CTProgress.swift in Sources */,
				50066B2A2D966BBB00757359 /* CodetwelveUI.swift in Sources */,
				50066B2B2D966BBB00757359 /* CTNavigationMenu.swift in Sources */,
				50066B2C2D966BBB00757359 /* CTSelect.swift in Sources */,
				50066B2D2D966BBB00757359 /* CTPagination.swift in Sources */,
				50066BED2D966BDB00757359 /* CTTagTests.swift in Sources */,
				50066BEE2D966BDB00757359 /* CTSelectTests.swift in Sources */,
				50066BEF2D966BDB00757359 /* CTCommandPaletteTests.swift in Sources */,
				50066BF02D966BDB00757359 /* CTScrollAreaTests.swift in Sources */,
				50066BF12D966BDB00757359 /* CTTabBarTests.swift in Sources */,
				50066BF22D966BDB00757359 /* CTPaginationTests.swift in Sources */,
				50066BF32D966BDB00757359 /* CTSliderAccessibilityTests.swift in Sources */,
				50066BF42D966BDB00757359 /* CTCardTests.swift in Sources */,
				50066BF52D966BDB00757359 /* CTHoverCardTests.swift in Sources */,
				50066BF62D966BDB00757359 /* CTAccordionTests.swift in Sources */,
				50066BF72D966BDB00757359 /* CTDataTableTests.swift in Sources */,
				50066BF82D966BDB00757359 /* CTSecureFieldTests.swift in Sources */,
				50066BF92D966BDB00757359 /* CTDropdownMenuTests.swift in Sources */,
				50066BFA2D966BDB00757359 /* CTVideoTests.swift in Sources */,
				50066BFB2D966BDB00757359 /* CTSliderTests.swift in Sources */,
				50066BFC2D966BDB00757359 /* CTTextFieldTests.swift in Sources */,
				50066BFD2D966BDB00757359 /* CTTableTests.swift in Sources */,
				50066BFE2D966BDB00757359 /* CTDatePickerTests.swift in Sources */,
				50066BFF2D966BDB00757359 /* CTRadioGroupTests.swift in Sources */,
				50066C002D966BDB00757359 /* CTStackTests.swift in Sources */,
				50066C012D966BDB00757359 /* CTPopoverTests.swift in Sources */,
				50066C022D966BDB00757359 /* CTCheckboxTests.swift in Sources */,
				50066C032D966BDB00757359 /* CTTextTests.swift in Sources */,
				50066C042D966BDB00757359 /* CTBottomSheetTests.swift in Sources */,
				50066C052D966BDB00757359 /* CTGridTests.swift in Sources */,
				50066C062D966BDB00757359 /* CTRadioGroupAccessibilityTests.swift in Sources */,
				50066C072D966BDB00757359 /* CTNavigationIntegrationTests.swift in Sources */,
				50066C082D966BDB00757359 /* CTProgressAccessibilityTests.swift in Sources */,
				50066C092D966BDB00757359 /* CTIconTests.swift in Sources */,
				50066C0A2D966BDB00757359 /* CTFormIntegrationTests.swift in Sources */,
				50066C0B2D966BDB00757359 /* CTHamburgerMenuTests.swift in Sources */,
				50066C0C2D966BDB00757359 /* CTToastTests.swift in Sources */,
				50066C0D2D966BDB00757359 /* CTProgressTests.swift in Sources */,
				50066C0E2D966BDB00757359 /* CTToggleTests.swift in Sources */,
				50066C0F2D966BDB00757359 /* CTNavigationMenuTests.swift in Sources */,
				50066C102D966BDB00757359 /* CTTextAreaTests.swift in Sources */,
				50066C112D966BDB00757359 /* CTAlertTests.swift in Sources */,
				50066C122D966BDB00757359 /* CTContextMenuTests.swift in Sources */,
				50066C132D966BDB00757359 /* CTContainerTests.swift in Sources */,
				50066C142D966BDB00757359 /* CTToggleAccessibilityTests.swift in Sources */,
				50066C152D966BDB00757359 /* CTCheckboxAccessibilityTests.swift in Sources */,
				50066C162D966BDB00757359 /* CTDividerTests.swift in Sources */,
				50066C172D966BDB00757359 /* CTSkeletonLoaderTests.swift in Sources */,
				50066C182D966BDB00757359 /* CTButtonTests.swift in Sources */,
				50066C192D966BDB00757359 /* CTButtonAccessibilityTests.swift in Sources */,
				50066C1A2D966BDB00757359 /* CTAspectRatioTests.swift in Sources */,
				50066C1B2D966BDB00757359 /* CTImageTests.swift in Sources */,
				50066C1C2D966BDB00757359 /* CTListTests.swift in Sources */,
				50066C1D2D966BDB00757359 /* CTTextFieldAccessibilityTests.swift in Sources */,
				50066C1E2D966BDB00757359 /* CTCarouselTests.swift in Sources */,
				50066C1F2D966BDB00757359 /* CTAlertDialogTests.swift in Sources */,
				50066B2E2D966BBB00757359 /* CTSpacing.swift in Sources */,
				50066B2F2D966BBB00757359 /* CTTabBar.swift in Sources */,
				50066B302D966BBB00757359 /* CTAccessibilityUtilities.swift in Sources */,
				50066B312D966BBB00757359 /* CTTheme+Default.swift in Sources */,
				50066B322D966BBB00757359 /* CTVideo.swift in Sources */,
				50066B332D966BBB00757359 /* CTTextArea.swift in Sources */,
				50066B342D966BBB00757359 /* View+Animation.swift in Sources */,
				50066B352D966BBB00757359 /* CTDropdownMenu.swift in Sources */,
				50066B362D966BBB00757359 /* CTDivider.swift in Sources */,
				50066B372D966BBB00757359 /* CTThemeBuilder.swift in Sources */,
				50066B382D966BBB00757359 /* CTContainer.swift in Sources */,
				50066B392D966BBB00757359 /* CTList.swift in Sources */,
				50066B3A2D966BBB00757359 /* CTColors.swift in Sources */,
				50066B3B2D966BBB00757359 /* CTDarkTheme.swift in Sources */,
				50066B3C2D966BBB00757359 /* CTButton.swift in Sources */,
				50066B3D2D966BBB00757359 /* CTThemeManager.swift in Sources */,
				50066B3E2D966BBB00757359 /* CTDeviceUtilities.swift in Sources */,
				50066B3F2D966BBB00757359 /* CTStack.swift in Sources */,
				50066B402D966BBB00757359 /* View+Conditional.swift in Sources */,
				50066B412D966BBB00757359 /* CTDefaultTheme.swift in Sources */,
				50066B422D966BBB00757359 /* CTAspectRatio.swift in Sources */,
				50066B432D966BBB00757359 /* CTSlider.swift in Sources */,
				50066B442D966BBB00757359 /* View+Shadow.swift in Sources */,
				50066B452D966BBB00757359 /* CTImage.swift in Sources */,
				50066B462D966BBB00757359 /* CTHamburgerMenu.swift in Sources */,
				50066B472D966BBB00757359 /* View+Theme.swift in Sources */,
				50066B482D966BBB00757359 /* CTAvatar.swift in Sources */,
				50066B492D966BBB00757359 /* CTTextField.swift in Sources */,
				50066B4A2D966BBB00757359 /* CTAnimations.swift in Sources */,
				50066B4B2D966BBB00757359 /* CTTheme.swift in Sources */,
				50066B4C2D966BBB00757359 /* CTAlert.swift in Sources */,
				50066B4D2D966BBB00757359 /* CTCommandPalette.swift in Sources */,
				50066B4E2D966BBB00757359 /* CTCheckbox.swift in Sources */,
				50066B4F2D966BBB00757359 /* CTTable.swift in Sources */,
			);
			runOnlyForDeploymentPostprocessing = 0;
		};
		88271BF42ED6D58166CD92C4 /* Sources */ = {
			isa = PBXSourcesBuildPhase;
			buildActionMask = 2147483647;
			files = (
				50066BA92D966BCC00757359 /* ComponentCatalog.swift in Sources */,
				50066BAA2D966BCC00757359 /* CodeTwelveExamplesApp.swift in Sources */,
				50066C2B2D967E3F00757359 /* TextExamples.swift in Sources */,
				50066C2C2D967E3F00757359 /* ButtonExamples.swift in Sources */,
				50066C2D2D967E3F00757359 /* IconExamples.swift in Sources */,
				50066C2E2D967E3F00757359 /* DividerExamples.swift in Sources */,
				50066BAB2D966BCC00757359 /* ContentView.swift in Sources */,
				50066BAC2D966BCC00757359 /* ThemeExplorer.swift in Sources */,
			);
			runOnlyForDeploymentPostprocessing = 0;
		};
/* End PBXSourcesBuildPhase section */

/* Begin PBXTargetDependency section */
		50066C242D966C2600757359 /* PBXTargetDependency */ = {
			isa = PBXTargetDependency;
			target = 7D914220CE7A112555E39ED9 /* CodetwelveUI */;
			targetProxy = 50066C232D966C2600757359 /* PBXContainerItemProxy */;
		};
		D7BCF8EA9873B879C7A22D2D /* PBXTargetDependency */ = {
			isa = PBXTargetDependency;
			target = 7D914220CE7A112555E39ED9 /* CodetwelveUI */;
			targetProxy = 2D054E576190C2F2C14DF28A /* PBXContainerItemProxy */;
		};
/* End PBXTargetDependency section */

/* Begin XCBuildConfiguration section */
		066292FBB55625A4DB821987 /* Release */ = {
			isa = XCBuildConfiguration;
			buildSettings = {
				ASSETCATALOG_COMPILER_APPICON_NAME = "";
				CODE_SIGN_IDENTITY = "iPhone Developer";
				GENERATE_INFOPLIST_FILE = YES;
				INFOPLIST_FILE = Examples/CodeTwelveExamples/Info.plist;
				IPHONEOS_DEPLOYMENT_TARGET = 16.6;
				LD_RUNPATH_SEARCH_PATHS = (
					"$(inherited)",
					"@executable_path/Frameworks",
				);
				PRODUCT_BUNDLE_IDENTIFIER = com.codetwelve.examples;
				PRODUCT_NAME = CodeTwelveExamples;
				SDKROOT = iphoneos;
				TARGETED_DEVICE_FAMILY = "1,2";
			};
			name = Release;
		};
		0F0AE2158622F390832DCBFB /* Debug */ = {
			isa = XCBuildConfiguration;
			buildSettings = {
				CODE_SIGN_IDENTITY = "";
				CURRENT_PROJECT_VERSION = 1;
				DEFINES_MODULE = YES;
				DYLIB_COMPATIBILITY_VERSION = 1;
				DYLIB_CURRENT_VERSION = 1;
				DYLIB_INSTALL_NAME_BASE = "@rpath";
				GENERATE_INFOPLIST_FILE = YES;
				INSTALL_PATH = "$(LOCAL_LIBRARY_DIR)/Frameworks";
				IPHONEOS_DEPLOYMENT_TARGET = 16.6;
				LD_RUNPATH_SEARCH_PATHS = (
					"$(inherited)",
					"@executable_path/Frameworks",
				);
				PRODUCT_BUNDLE_IDENTIFIER = com.codetwelve.uikit;
				PRODUCT_NAME = CodetwelveUI;
				SDKROOT = iphoneos;
				SKIP_INSTALL = YES;
				TARGETED_DEVICE_FAMILY = "1,2";
				VERSIONING_SYSTEM = "apple-generic";
			};
			name = Debug;
		};
		2E181DAB3574DFDA1BA26316 /* Release */ = {
			isa = XCBuildConfiguration;
			buildSettings = {
				BUNDLE_LOADER = "$(TEST_HOST)";
				GENERATE_INFOPLIST_FILE = YES;
				IPHONEOS_DEPLOYMENT_TARGET = 16.6;
				LD_RUNPATH_SEARCH_PATHS = (
					"$(inherited)",
					"@executable_path/Frameworks",
					"@loader_path/Frameworks",
				);
				PRODUCT_BUNDLE_IDENTIFIER = com.codetwelve.uikit.tests;
				SDKROOT = iphoneos;
				TARGETED_DEVICE_FAMILY = "1,2";
			};
			name = Release;
		};
		4F5B273A6AC1910E9927A5B0 /* Debug */ = {
			isa = XCBuildConfiguration;
			buildSettings = {
				ASSETCATALOG_COMPILER_APPICON_NAME = "";
				CODE_SIGN_IDENTITY = "iPhone Developer";
				GENERATE_INFOPLIST_FILE = YES;
				INFOPLIST_FILE = Examples/CodeTwelveExamples/Info.plist;
				IPHONEOS_DEPLOYMENT_TARGET = 16.6;
				LD_RUNPATH_SEARCH_PATHS = (
					"$(inherited)",
					"@executable_path/Frameworks",
				);
				PRODUCT_BUNDLE_IDENTIFIER = com.codetwelve.examples;
				PRODUCT_NAME = CodeTwelveExamples;
				SDKROOT = iphoneos;
				TARGETED_DEVICE_FAMILY = "1,2";
			};
			name = Debug;
		};
		503AB63BCFDD39973B96559D /* Debug */ = {
			isa = XCBuildConfiguration;
			buildSettings = {
				ASSETCATALOG_COMPILER_APPICON_NAME = "";
				CODE_SIGN_IDENTITY = "iPhone Developer";
				INFOPLIST_FILE = "CodeTwelve-iOS-UIKit/Info.plist";
				IPHONEOS_DEPLOYMENT_TARGET = 16.6;
				LD_RUNPATH_SEARCH_PATHS = (
					"$(inherited)",
					"@executable_path/Frameworks",
				);
				PRODUCT_BUNDLE_IDENTIFIER = com.codetwelve.ios.uikit;
				SDKROOT = iphoneos;
				TARGETED_DEVICE_FAMILY = "1,2";
			};
			name = Debug;
		};
		7412827E7D8554A4BE0E53A9 /* Debug */ = {
			isa = XCBuildConfiguration;
			buildSettings = {
				ALWAYS_SEARCH_USER_PATHS = NO;
				CLANG_ANALYZER_NONNULL = YES;
				CLANG_ANALYZER_NUMBER_OBJECT_CONVERSION = YES_AGGRESSIVE;
				CLANG_CXX_LANGUAGE_STANDARD = "gnu++14";
				CLANG_CXX_LIBRARY = "libc++";
				CLANG_ENABLE_MODULES = YES;
				CLANG_ENABLE_OBJC_ARC = YES;
				CLANG_ENABLE_OBJC_WEAK = YES;
				CLANG_WARN_BLOCK_CAPTURE_AUTORELEASING = YES;
				CLANG_WARN_BOOL_CONVERSION = YES;
				CLANG_WARN_COMMA = YES;
				CLANG_WARN_CONSTANT_CONVERSION = YES;
				CLANG_WARN_DEPRECATED_OBJC_IMPLEMENTATIONS = YES;
				CLANG_WARN_DIRECT_OBJC_ISA_USAGE = YES_ERROR;
				CLANG_WARN_DOCUMENTATION_COMMENTS = YES;
				CLANG_WARN_EMPTY_BODY = YES;
				CLANG_WARN_ENUM_CONVERSION = YES;
				CLANG_WARN_INFINITE_RECURSION = YES;
				CLANG_WARN_INT_CONVERSION = YES;
				CLANG_WARN_NON_LITERAL_NULL_CONVERSION = YES;
				CLANG_WARN_OBJC_IMPLICIT_RETAIN_SELF = YES;
				CLANG_WARN_OBJC_LITERAL_CONVERSION = YES;
				CLANG_WARN_OBJC_ROOT_CLASS = YES_ERROR;
				CLANG_WARN_QUOTED_INCLUDE_IN_FRAMEWORK_HEADER = YES;
				CLANG_WARN_RANGE_LOOP_ANALYSIS = YES;
				CLANG_WARN_STRICT_PROTOTYPES = YES;
				CLANG_WARN_SUSPICIOUS_MOVE = YES;
				CLANG_WARN_UNGUARDED_AVAILABILITY = YES_AGGRESSIVE;
				CLANG_WARN_UNREACHABLE_CODE = YES;
				CLANG_WARN__DUPLICATE_METHOD_MATCH = YES;
				COPY_PHASE_STRIP = NO;
				DEBUG_INFORMATION_FORMAT = dwarf;
				ENABLE_STRICT_OBJC_MSGSEND = YES;
				ENABLE_TESTABILITY = YES;
				GCC_C_LANGUAGE_STANDARD = gnu11;
				GCC_DYNAMIC_NO_PIC = NO;
				GCC_NO_COMMON_BLOCKS = YES;
				GCC_OPTIMIZATION_LEVEL = 0;
				GCC_PREPROCESSOR_DEFINITIONS = (
					"$(inherited)",
					"DEBUG=1",
				);
				GCC_WARN_64_TO_32_BIT_CONVERSION = YES;
				GCC_WARN_ABOUT_RETURN_TYPE = YES_ERROR;
				GCC_WARN_UNDECLARED_SELECTOR = YES;
				GCC_WARN_UNINITIALIZED_AUTOS = YES_AGGRESSIVE;
				GCC_WARN_UNUSED_FUNCTION = YES;
				GCC_WARN_UNUSED_VARIABLE = YES;
				IPHONEOS_DEPLOYMENT_TARGET = 14.0;
				MTL_ENABLE_DEBUG_INFO = INCLUDE_SOURCE;
				MTL_FAST_MATH = YES;
				ONLY_ACTIVE_ARCH = YES;
				PRODUCT_NAME = "$(TARGET_NAME)";
				SDKROOT = iphoneos;
				SWIFT_ACTIVE_COMPILATION_CONDITIONS = DEBUG;
				SWIFT_OPTIMIZATION_LEVEL = "-Onone";
				SWIFT_VERSION = 5.0;
			};
			name = Debug;
		};
		75AC7EE3D88930CA01FA73D4 /* Release */ = {
			isa = XCBuildConfiguration;
			buildSettings = {
				ASSETCATALOG_COMPILER_APPICON_NAME = "";
				CODE_SIGN_IDENTITY = "iPhone Developer";
				INFOPLIST_FILE = "CodeTwelve-iOS-UIKit/Info.plist";
				IPHONEOS_DEPLOYMENT_TARGET = 16.6;
				LD_RUNPATH_SEARCH_PATHS = (
					"$(inherited)",
					"@executable_path/Frameworks",
				);
				PRODUCT_BUNDLE_IDENTIFIER = com.codetwelve.ios.uikit;
				SDKROOT = iphoneos;
				TARGETED_DEVICE_FAMILY = "1,2";
			};
			name = Release;
		};
		90C74E90204FC93C10915E8E /* Debug */ = {
			isa = XCBuildConfiguration;
			buildSettings = {
				BUNDLE_LOADER = "$(TEST_HOST)";
				GENERATE_INFOPLIST_FILE = YES;
				IPHONEOS_DEPLOYMENT_TARGET = 16.6;
				LD_RUNPATH_SEARCH_PATHS = (
					"$(inherited)",
					"@executable_path/Frameworks",
					"@loader_path/Frameworks",
				);
				PRODUCT_BUNDLE_IDENTIFIER = com.codetwelve.uikit.tests;
				SDKROOT = iphoneos;
				TARGETED_DEVICE_FAMILY = "1,2";
			};
			name = Debug;
		};
		ACC402D6992634B2962EC6EC /* Release */ = {
			isa = XCBuildConfiguration;
			buildSettings = {
				ALWAYS_SEARCH_USER_PATHS = NO;
				CLANG_ANALYZER_NONNULL = YES;
				CLANG_ANALYZER_NUMBER_OBJECT_CONVERSION = YES_AGGRESSIVE;
				CLANG_CXX_LANGUAGE_STANDARD = "gnu++14";
				CLANG_CXX_LIBRARY = "libc++";
				CLANG_ENABLE_MODULES = YES;
				CLANG_ENABLE_OBJC_ARC = YES;
				CLANG_ENABLE_OBJC_WEAK = YES;
				CLANG_WARN_BLOCK_CAPTURE_AUTORELEASING = YES;
				CLANG_WARN_BOOL_CONVERSION = YES;
				CLANG_WARN_COMMA = YES;
				CLANG_WARN_CONSTANT_CONVERSION = YES;
				CLANG_WARN_DEPRECATED_OBJC_IMPLEMENTATIONS = YES;
				CLANG_WARN_DIRECT_OBJC_ISA_USAGE = YES_ERROR;
				CLANG_WARN_DOCUMENTATION_COMMENTS = YES;
				CLANG_WARN_EMPTY_BODY = YES;
				CLANG_WARN_ENUM_CONVERSION = YES;
				CLANG_WARN_INFINITE_RECURSION = YES;
				CLANG_WARN_INT_CONVERSION = YES;
				CLANG_WARN_NON_LITERAL_NULL_CONVERSION = YES;
				CLANG_WARN_OBJC_IMPLICIT_RETAIN_SELF = YES;
				CLANG_WARN_OBJC_LITERAL_CONVERSION = YES;
				CLANG_WARN_OBJC_ROOT_CLASS = YES_ERROR;
				CLANG_WARN_QUOTED_INCLUDE_IN_FRAMEWORK_HEADER = YES;
				CLANG_WARN_RANGE_LOOP_ANALYSIS = YES;
				CLANG_WARN_STRICT_PROTOTYPES = YES;
				CLANG_WARN_SUSPICIOUS_MOVE = YES;
				CLANG_WARN_UNGUARDED_AVAILABILITY = YES_AGGRESSIVE;
				CLANG_WARN_UNREACHABLE_CODE = YES;
				CLANG_WARN__DUPLICATE_METHOD_MATCH = YES;
				COPY_PHASE_STRIP = NO;
				DEBUG_INFORMATION_FORMAT = "dwarf-with-dsym";
				ENABLE_NS_ASSERTIONS = NO;
				ENABLE_STRICT_OBJC_MSGSEND = YES;
				GCC_C_LANGUAGE_STANDARD = gnu11;
				GCC_NO_COMMON_BLOCKS = YES;
				GCC_WARN_64_TO_32_BIT_CONVERSION = YES;
				GCC_WARN_ABOUT_RETURN_TYPE = YES_ERROR;
				GCC_WARN_UNDECLARED_SELECTOR = YES;
				GCC_WARN_UNINITIALIZED_AUTOS = YES_AGGRESSIVE;
				GCC_WARN_UNUSED_FUNCTION = YES;
				GCC_WARN_UNUSED_VARIABLE = YES;
				IPHONEOS_DEPLOYMENT_TARGET = 14.0;
				MTL_ENABLE_DEBUG_INFO = NO;
				MTL_FAST_MATH = YES;
				PRODUCT_NAME = "$(TARGET_NAME)";
				SDKROOT = iphoneos;
				SWIFT_COMPILATION_MODE = wholemodule;
				SWIFT_OPTIMIZATION_LEVEL = "-O";
				SWIFT_VERSION = 5.0;
			};
			name = Release;
		};
		CB7B5E5654DC4DB832143545 /* Release */ = {
			isa = XCBuildConfiguration;
			buildSettings = {
				CODE_SIGN_IDENTITY = "";
				CURRENT_PROJECT_VERSION = 1;
				DEFINES_MODULE = YES;
				DYLIB_COMPATIBILITY_VERSION = 1;
				DYLIB_CURRENT_VERSION = 1;
				DYLIB_INSTALL_NAME_BASE = "@rpath";
				GENERATE_INFOPLIST_FILE = YES;
				INSTALL_PATH = "$(LOCAL_LIBRARY_DIR)/Frameworks";
				IPHONEOS_DEPLOYMENT_TARGET = 16.6;
				LD_RUNPATH_SEARCH_PATHS = (
					"$(inherited)",
					"@executable_path/Frameworks",
				);
				PRODUCT_BUNDLE_IDENTIFIER = com.codetwelve.uikit;
				PRODUCT_NAME = CodetwelveUI;
				SDKROOT = iphoneos;
				SKIP_INSTALL = YES;
				TARGETED_DEVICE_FAMILY = "1,2";
				VERSIONING_SYSTEM = "apple-generic";
			};
			name = Release;
		};
/* End XCBuildConfiguration section */

/* Begin XCConfigurationList section */
		60636F250319F4AE91C12957 /* Build configuration list for PBXNativeTarget "CodeTwelveExamples" */ = {
			isa = XCConfigurationList;
			buildConfigurations = (
				4F5B273A6AC1910E9927A5B0 /* Debug */,
				066292FBB55625A4DB821987 /* Release */,
			);
			defaultConfigurationIsVisible = 0;
			defaultConfigurationName = Debug;
		};
		6FF13004B0A6A08777985D37 /* Build configuration list for PBXProject "CodeTwelve-iOS-UIKit" */ = {
			isa = XCConfigurationList;
			buildConfigurations = (
				7412827E7D8554A4BE0E53A9 /* Debug */,
				ACC402D6992634B2962EC6EC /* Release */,
			);
			defaultConfigurationIsVisible = 0;
			defaultConfigurationName = Debug;
		};
		86E50BD7B7F2320246DCBCF2 /* Build configuration list for PBXNativeTarget "CodetwelveUI" */ = {
			isa = XCConfigurationList;
			buildConfigurations = (
				0F0AE2158622F390832DCBFB /* Debug */,
				CB7B5E5654DC4DB832143545 /* Release */,
			);
			defaultConfigurationIsVisible = 0;
			defaultConfigurationName = Debug;
		};
		923EBAAD13C5F70868631FE8 /* Build configuration list for PBXNativeTarget "CodetwelveUITests" */ = {
			isa = XCConfigurationList;
			buildConfigurations = (
				90C74E90204FC93C10915E8E /* Debug */,
				2E181DAB3574DFDA1BA26316 /* Release */,
			);
			defaultConfigurationIsVisible = 0;
			defaultConfigurationName = Debug;
		};
		9B47CAB38563A9318EB9CBEB /* Build configuration list for PBXNativeTarget "CodeTwelve-iOS-UIKit" */ = {
			isa = XCConfigurationList;
			buildConfigurations = (
				503AB63BCFDD39973B96559D /* Debug */,
				75AC7EE3D88930CA01FA73D4 /* Release */,
			);
			defaultConfigurationIsVisible = 0;
			defaultConfigurationName = Debug;
		};
/* End XCConfigurationList section */
	};
	rootObject = CE6E9C24ED774C7EE68C6EFC /* Project object */;
}
